// !$*UTF8*$!
{
	archiveVersion = 1;
	classes = {
	};
	objectVersion = 50;
	objects = {

/* Begin PBXBuildFile section */
		57B1AB2B72C6D7D7AEAFADF0 /* CoreDataManager.swift in Sources */ = {isa = PBXBuildFile; fileRef = 57B1A4AD1043C74ACE4125E7 /* CoreDataManager.swift */; };
		8000764B22671F64008B09EA /* CartController.swift in Sources */ = {isa = PBXBuildFile; fileRef = 8000764A22671F64008B09EA /* CartController.swift */; };
		8000764D22672145008B09EA /* CartCell.swift in Sources */ = {isa = PBXBuildFile; fileRef = 8000764C22672145008B09EA /* CartCell.swift */; };
		8000764F22672915008B09EA /* CartProduct.swift in Sources */ = {isa = PBXBuildFile; fileRef = 8000764E22672915008B09EA /* CartProduct.swift */; };
		80007651226730A1008B09EA /* CartHeader.swift in Sources */ = {isa = PBXBuildFile; fileRef = 80007650226730A1008B09EA /* CartHeader.swift */; };
		8001EB232264706400D4514F /* MapStoreInformationView.swift in Sources */ = {isa = PBXBuildFile; fileRef = 8001EB222264706400D4514F /* MapStoreInformationView.swift */; };
		8002BDB92265EB1700CECB4C /* PreviewController.swift in Sources */ = {isa = PBXBuildFile; fileRef = 8002BDB82265EB1700CECB4C /* PreviewController.swift */; };
		8002BDBE2265EF7400CECB4C /* PreviewPageCell.swift in Sources */ = {isa = PBXBuildFile; fileRef = 8002BDBD2265EF7400CECB4C /* PreviewPageCell.swift */; };
		8003E85B22687197005200C5 /* LoginController.swift in Sources */ = {isa = PBXBuildFile; fileRef = 8003E85A22687197005200C5 /* LoginController.swift */; };
		8003E85D2268728D005200C5 /* LoginViewModel.swift in Sources */ = {isa = PBXBuildFile; fileRef = 8003E85C2268728D005200C5 /* LoginViewModel.swift */; };
		8003E85F22689A1B005200C5 /* ProfileCell.swift in Sources */ = {isa = PBXBuildFile; fileRef = 8003E85E22689A1B005200C5 /* ProfileCell.swift */; };
		8009AEC4225DEA6C00917602 /* MapController.swift in Sources */ = {isa = PBXBuildFile; fileRef = 8009AEC3225DEA6C00917602 /* MapController.swift */; };
		8009AEC6225E6E9A00917602 /* AlertUtil.swift in Sources */ = {isa = PBXBuildFile; fileRef = 8009AEC5225E6E9A00917602 /* AlertUtil.swift */; };
		8009AEC8225E70CB00917602 /* BaseViewController.swift in Sources */ = {isa = PBXBuildFile; fileRef = 8009AEC7225E70CB00917602 /* BaseViewController.swift */; };
		800BBAA922480AB900110A0C /* ProfileController.swift in Sources */ = {isa = PBXBuildFile; fileRef = 800BBAA822480AB900110A0C /* ProfileController.swift */; };
		800BBAAC22480C4600110A0C /* UIView+Layout.swift in Sources */ = {isa = PBXBuildFile; fileRef = 800BBAAB22480C4600110A0C /* UIView+Layout.swift */; };
		800BBAAE2248122300110A0C /* UIButton+Layout.swift in Sources */ = {isa = PBXBuildFile; fileRef = 800BBAAD2248122300110A0C /* UIButton+Layout.swift */; };
		800E3F6D224AB3820030A61A /* MapKit.framework in Frameworks */ = {isa = PBXBuildFile; fileRef = 800E3F6C224AB3820030A61A /* MapKit.framework */; };
		800F7A8A2269FFAB00020848 /* Login.graphql in Resources */ = {isa = PBXBuildFile; fileRef = 800F7A892269FFAB00020848 /* Login.graphql */; };
		800F7A8C226A0A4D00020848 /* Register.graphql in Resources */ = {isa = PBXBuildFile; fileRef = 800F7A8B226A0A4D00020848 /* Register.graphql */; };
		801030402261D9980079ABBB /* AboutUsController.swift in Sources */ = {isa = PBXBuildFile; fileRef = 8010303F2261D9980079ABBB /* AboutUsController.swift */; };
		801030432262056E0079ABBB /* CloseHeaderView.swift in Sources */ = {isa = PBXBuildFile; fileRef = 801030422262056E0079ABBB /* CloseHeaderView.swift */; };
		8010304522620FC50079ABBB /* SocialMediaController.swift in Sources */ = {isa = PBXBuildFile; fileRef = 8010304422620FC50079ABBB /* SocialMediaController.swift */; };
		80103047226214F40079ABBB /* SocialMediaCell.swift in Sources */ = {isa = PBXBuildFile; fileRef = 80103046226214F40079ABBB /* SocialMediaCell.swift */; };
		80103049226215AA0079ABBB /* ProfileBaseViewController.swift in Sources */ = {isa = PBXBuildFile; fileRef = 80103048226215AA0079ABBB /* ProfileBaseViewController.swift */; };
		8010304B226226A70079ABBB /* SocialMediaModel.swift in Sources */ = {isa = PBXBuildFile; fileRef = 8010304A226226A70079ABBB /* SocialMediaModel.swift */; };
		8010304D2262474D0079ABBB /* OrdersController.swift in Sources */ = {isa = PBXBuildFile; fileRef = 8010304C2262474D0079ABBB /* OrdersController.swift */; };
		8010304F22624B7E0079ABBB /* OrderCell.swift in Sources */ = {isa = PBXBuildFile; fileRef = 8010304E22624B7E0079ABBB /* OrderCell.swift */; };
		8010CE6522745AD100316C83 /* StoreItem.swift in Sources */ = {isa = PBXBuildFile; fileRef = 8010CE6422745AD100316C83 /* StoreItem.swift */; };
		8010CE672274611C00316C83 /* UIImageView+Fetch.swift in Sources */ = {isa = PBXBuildFile; fileRef = 8010CE662274611C00316C83 /* UIImageView+Fetch.swift */; };
		8012E887226B1C200082746B /* ProfileModel.swift in Sources */ = {isa = PBXBuildFile; fileRef = 8012E886226B1C200082746B /* ProfileModel.swift */; };
		8012E889226B58D50082746B /* Store.swift in Sources */ = {isa = PBXBuildFile; fileRef = 8012E888226B58D50082746B /* Store.swift */; };
		8012E88B226B5A640082746B /* Store.graphql in Resources */ = {isa = PBXBuildFile; fileRef = 8012E88A226B5A640082746B /* Store.graphql */; };
		8012E88D226B62640082746B /* GraphQLService.swift in Sources */ = {isa = PBXBuildFile; fileRef = 8012E88C226B62640082746B /* GraphQLService.swift */; };
		8012FD132272295F0044C1AC /* Location.graphql in Resources */ = {isa = PBXBuildFile; fileRef = 8012FD122272295F0044C1AC /* Location.graphql */; };
		802973BF224F57E900A362D6 /* AllStoresController.swift in Sources */ = {isa = PBXBuildFile; fileRef = 802973BE224F57E900A362D6 /* AllStoresController.swift */; };
		805A9AD1227376AD0058D40D /* StoreCategory.swift in Sources */ = {isa = PBXBuildFile; fileRef = 805A9AD0227376AD0058D40D /* StoreCategory.swift */; };
		805A9AD322737B7D0058D40D /* schema.json in Resources */ = {isa = PBXBuildFile; fileRef = 805A9AD222737B7D0058D40D /* schema.json */; };
		808533B62255263D005BF967 /* AllStoresCell.swift in Sources */ = {isa = PBXBuildFile; fileRef = 808533B52255263D005BF967 /* AllStoresCell.swift */; };
		8089786C224A6724003DEF2B /* UIDevice+Name.swift in Sources */ = {isa = PBXBuildFile; fileRef = 8089786B224A6724003DEF2B /* UIDevice+Name.swift */; };
		80945AD92268F7A700341894 /* Queries.graphql in Resources */ = {isa = PBXBuildFile; fileRef = 80945AD82268F7A700341894 /* Queries.graphql */; };
		80945ADB226905F500341894 /* API.swift in Sources */ = {isa = PBXBuildFile; fileRef = 80945ADA226905F500341894 /* API.swift */; };
		80945AE122690EB200341894 /* GraphQL.swift in Sources */ = {isa = PBXBuildFile; fileRef = 80945AE022690EB200341894 /* GraphQL.swift */; };
		80A795882249090B00EF856A /* UISeperator.swift in Sources */ = {isa = PBXBuildFile; fileRef = 80A795872249090B00EF856A /* UISeperator.swift */; };
		80AB976D22567561002507B9 /* UILabel.swift in Sources */ = {isa = PBXBuildFile; fileRef = 80AB976C22567561002507B9 /* UILabel.swift */; };
		80AB976F22567C80002507B9 /* VerticalStackView.swift in Sources */ = {isa = PBXBuildFile; fileRef = 80AB976E22567C80002507B9 /* VerticalStackView.swift */; };
		80B002712247E9BA00E92DDB /* AppDelegate.swift in Sources */ = {isa = PBXBuildFile; fileRef = 80B002702247E9BA00E92DDB /* AppDelegate.swift */; };
		80B002732247E9BA00E92DDB /* ViewController.swift in Sources */ = {isa = PBXBuildFile; fileRef = 80B002722247E9BA00E92DDB /* ViewController.swift */; };
		80B002762247E9BA00E92DDB /* Main.storyboard in Resources */ = {isa = PBXBuildFile; fileRef = 80B002742247E9BA00E92DDB /* Main.storyboard */; };
		80B002792247E9BA00E92DDB /* bryng.xcdatamodeld in Sources */ = {isa = PBXBuildFile; fileRef = 80B002772247E9BA00E92DDB /* bryng.xcdatamodeld */; };
		80B0027B2247E9BC00E92DDB /* Assets.xcassets in Resources */ = {isa = PBXBuildFile; fileRef = 80B0027A2247E9BC00E92DDB /* Assets.xcassets */; };
		80B0027E2247E9BC00E92DDB /* LaunchScreen.storyboard in Resources */ = {isa = PBXBuildFile; fileRef = 80B0027C2247E9BC00E92DDB /* LaunchScreen.storyboard */; };
		80B002862247E9D800E92DDB /* BaseTabBarController.swift in Sources */ = {isa = PBXBuildFile; fileRef = 80B002852247E9D800E92DDB /* BaseTabBarController.swift */; };
		80C62976225CF02B00B943E1 /* StoreItemRowCell.swift in Sources */ = {isa = PBXBuildFile; fileRef = 80C62975225CF02B00B943E1 /* StoreItemRowCell.swift */; };
		80C62978225CF2D200B943E1 /* HorizontalSnappingController.swift in Sources */ = {isa = PBXBuildFile; fileRef = 80C62977225CF2D200B943E1 /* HorizontalSnappingController.swift */; };
		80C6297A225CF9BF00B943E1 /* SnappingLayout.swift in Sources */ = {isa = PBXBuildFile; fileRef = 80C62979225CF9BF00B943E1 /* SnappingLayout.swift */; };
		80C6297C225D22AD00B943E1 /* BadgeButton.swift in Sources */ = {isa = PBXBuildFile; fileRef = 80C6297B225D22AD00B943E1 /* BadgeButton.swift */; };
		80C6EC8E224BFF55008E6EA9 /* GroceryShop.swift in Sources */ = {isa = PBXBuildFile; fileRef = 80C6EC8D224BFF55008E6EA9 /* GroceryShop.swift */; };
		80CE1B282258EBC900B20351 /* StoreController.swift in Sources */ = {isa = PBXBuildFile; fileRef = 80CE1B272258EBC900B20351 /* StoreController.swift */; };
		80CE1B2A2258ED2000B20351 /* StoreHeaderView.swift in Sources */ = {isa = PBXBuildFile; fileRef = 80CE1B292258ED2000B20351 /* StoreHeaderView.swift */; };
		80CE1B2C2258F07300B20351 /* StoreHeaderLayout.swift in Sources */ = {isa = PBXBuildFile; fileRef = 80CE1B2B2258F07300B20351 /* StoreHeaderLayout.swift */; };
		80DE5EBD225CEC5400A4C175 /* StoreItemsGroupCell.swift in Sources */ = {isa = PBXBuildFile; fileRef = 80DE5EBC225CEC5400A4C175 /* StoreItemsGroupCell.swift */; };
		80DE5EBF225CED5400A4C175 /* StoreItemsHorizontalController.swift in Sources */ = {isa = PBXBuildFile; fileRef = 80DE5EBE225CED5400A4C175 /* StoreItemsHorizontalController.swift */; };
		80E36BBE22633F3100612AF1 /* MyProfileController.swift in Sources */ = {isa = PBXBuildFile; fileRef = 80E36BBD22633F3100612AF1 /* MyProfileController.swift */; };
		80E36BC02263435200612AF1 /* MyProfileCell.swift in Sources */ = {isa = PBXBuildFile; fileRef = 80E36BBF2263435200612AF1 /* MyProfileCell.swift */; };
		80E36BC222636DD300612AF1 /* RegistrationController.swift in Sources */ = {isa = PBXBuildFile; fileRef = 80E36BC122636DD300612AF1 /* RegistrationController.swift */; };
		80E36BC52263790900612AF1 /* RegistrationViewModel.swift in Sources */ = {isa = PBXBuildFile; fileRef = 80E36BC42263790900612AF1 /* RegistrationViewModel.swift */; };
		80E36BC72263977A00612AF1 /* BryngTextField.swift in Sources */ = {isa = PBXBuildFile; fileRef = 80E36BC62263977A00612AF1 /* BryngTextField.swift */; };
		80E36BC922639D0600612AF1 /* MyProfileViewModel.swift in Sources */ = {isa = PBXBuildFile; fileRef = 80E36BC822639D0600612AF1 /* MyProfileViewModel.swift */; };
		80F6F65C2266310800C7B591 /* UIColor+Variables.swift in Sources */ = {isa = PBXBuildFile; fileRef = 80F6F65B2266310800C7B591 /* UIColor+Variables.swift */; };
		80F6F65E2266357400C7B591 /* Page.swift in Sources */ = {isa = PBXBuildFile; fileRef = 80F6F65D2266357400C7B591 /* Page.swift */; };
		D3AB3C24C5169BCA6D044CCD /* Pods_bryng.framework in Frameworks */ = {isa = PBXBuildFile; fileRef = 3DCD2FA0954B2811912B44D9 /* Pods_bryng.framework */; };
/* End PBXBuildFile section */

/* Begin PBXFileReference section */
		29D845F85EED33E73DF8A290 /* Pods-bryng.debug.xcconfig */ = {isa = PBXFileReference; includeInIndex = 1; lastKnownFileType = text.xcconfig; name = "Pods-bryng.debug.xcconfig"; path = "Target Support Files/Pods-bryng/Pods-bryng.debug.xcconfig"; sourceTree = "<group>"; };
		3DCD2FA0954B2811912B44D9 /* Pods_bryng.framework */ = {isa = PBXFileReference; explicitFileType = wrapper.framework; includeInIndex = 0; path = Pods_bryng.framework; sourceTree = BUILT_PRODUCTS_DIR; };
		57B1A4AD1043C74ACE4125E7 /* CoreDataManager.swift */ = {isa = PBXFileReference; fileEncoding = 4; lastKnownFileType = sourcecode.swift; path = CoreDataManager.swift; sourceTree = "<group>"; };
		8000764A22671F64008B09EA /* CartController.swift */ = {isa = PBXFileReference; lastKnownFileType = sourcecode.swift; path = CartController.swift; sourceTree = "<group>"; };
		8000764C22672145008B09EA /* CartCell.swift */ = {isa = PBXFileReference; lastKnownFileType = sourcecode.swift; path = CartCell.swift; sourceTree = "<group>"; };
		8000764E22672915008B09EA /* CartProduct.swift */ = {isa = PBXFileReference; lastKnownFileType = sourcecode.swift; path = CartProduct.swift; sourceTree = "<group>"; };
		80007650226730A1008B09EA /* CartHeader.swift */ = {isa = PBXFileReference; lastKnownFileType = sourcecode.swift; path = CartHeader.swift; sourceTree = "<group>"; };
		8001EB222264706400D4514F /* MapStoreInformationView.swift */ = {isa = PBXFileReference; lastKnownFileType = sourcecode.swift; path = MapStoreInformationView.swift; sourceTree = "<group>"; };
		8002BDB82265EB1700CECB4C /* PreviewController.swift */ = {isa = PBXFileReference; lastKnownFileType = sourcecode.swift; path = PreviewController.swift; sourceTree = "<group>"; };
		8002BDBD2265EF7400CECB4C /* PreviewPageCell.swift */ = {isa = PBXFileReference; lastKnownFileType = sourcecode.swift; path = PreviewPageCell.swift; sourceTree = "<group>"; };
		8003E85A22687197005200C5 /* LoginController.swift */ = {isa = PBXFileReference; lastKnownFileType = sourcecode.swift; path = LoginController.swift; sourceTree = "<group>"; };
		8003E85C2268728D005200C5 /* LoginViewModel.swift */ = {isa = PBXFileReference; lastKnownFileType = sourcecode.swift; path = LoginViewModel.swift; sourceTree = "<group>"; };
		8003E85E22689A1B005200C5 /* ProfileCell.swift */ = {isa = PBXFileReference; lastKnownFileType = sourcecode.swift; path = ProfileCell.swift; sourceTree = "<group>"; };
		8009AEC3225DEA6C00917602 /* MapController.swift */ = {isa = PBXFileReference; lastKnownFileType = sourcecode.swift; path = MapController.swift; sourceTree = "<group>"; };
		8009AEC5225E6E9A00917602 /* AlertUtil.swift */ = {isa = PBXFileReference; lastKnownFileType = sourcecode.swift; path = AlertUtil.swift; sourceTree = "<group>"; };
		8009AEC7225E70CB00917602 /* BaseViewController.swift */ = {isa = PBXFileReference; lastKnownFileType = sourcecode.swift; path = BaseViewController.swift; sourceTree = "<group>"; };
		800BBAA822480AB900110A0C /* ProfileController.swift */ = {isa = PBXFileReference; lastKnownFileType = sourcecode.swift; path = ProfileController.swift; sourceTree = "<group>"; };
		800BBAAB22480C4600110A0C /* UIView+Layout.swift */ = {isa = PBXFileReference; fileEncoding = 4; lastKnownFileType = sourcecode.swift; path = "UIView+Layout.swift"; sourceTree = "<group>"; };
		800BBAAD2248122300110A0C /* UIButton+Layout.swift */ = {isa = PBXFileReference; lastKnownFileType = sourcecode.swift; path = "UIButton+Layout.swift"; sourceTree = "<group>"; };
		800E3F6C224AB3820030A61A /* MapKit.framework */ = {isa = PBXFileReference; lastKnownFileType = wrapper.framework; name = MapKit.framework; path = System/Library/Frameworks/MapKit.framework; sourceTree = SDKROOT; };
		800E3F70224AB9B60030A61A /* berlin.gpx */ = {isa = PBXFileReference; lastKnownFileType = text.xml; path = berlin.gpx; sourceTree = "<group>"; };
		800F7A892269FFAB00020848 /* Login.graphql */ = {isa = PBXFileReference; lastKnownFileType = text; path = Login.graphql; sourceTree = "<group>"; };
		800F7A8B226A0A4D00020848 /* Register.graphql */ = {isa = PBXFileReference; lastKnownFileType = text; path = Register.graphql; sourceTree = "<group>"; };
		8010303F2261D9980079ABBB /* AboutUsController.swift */ = {isa = PBXFileReference; lastKnownFileType = sourcecode.swift; path = AboutUsController.swift; sourceTree = "<group>"; };
		801030422262056E0079ABBB /* CloseHeaderView.swift */ = {isa = PBXFileReference; lastKnownFileType = sourcecode.swift; path = CloseHeaderView.swift; sourceTree = "<group>"; };
		8010304422620FC50079ABBB /* SocialMediaController.swift */ = {isa = PBXFileReference; lastKnownFileType = sourcecode.swift; path = SocialMediaController.swift; sourceTree = "<group>"; };
		80103046226214F40079ABBB /* SocialMediaCell.swift */ = {isa = PBXFileReference; lastKnownFileType = sourcecode.swift; path = SocialMediaCell.swift; sourceTree = "<group>"; };
		80103048226215AA0079ABBB /* ProfileBaseViewController.swift */ = {isa = PBXFileReference; lastKnownFileType = sourcecode.swift; path = ProfileBaseViewController.swift; sourceTree = "<group>"; };
		8010304A226226A70079ABBB /* SocialMediaModel.swift */ = {isa = PBXFileReference; lastKnownFileType = sourcecode.swift; path = SocialMediaModel.swift; sourceTree = "<group>"; };
		8010304C2262474D0079ABBB /* OrdersController.swift */ = {isa = PBXFileReference; lastKnownFileType = sourcecode.swift; path = OrdersController.swift; sourceTree = "<group>"; };
		8010304E22624B7E0079ABBB /* OrderCell.swift */ = {isa = PBXFileReference; lastKnownFileType = sourcecode.swift; path = OrderCell.swift; sourceTree = "<group>"; };
		8010CE6422745AD100316C83 /* StoreItem.swift */ = {isa = PBXFileReference; lastKnownFileType = sourcecode.swift; path = StoreItem.swift; sourceTree = "<group>"; };
		8010CE662274611C00316C83 /* UIImageView+Fetch.swift */ = {isa = PBXFileReference; lastKnownFileType = sourcecode.swift; path = "UIImageView+Fetch.swift"; sourceTree = "<group>"; };
		8012E886226B1C200082746B /* ProfileModel.swift */ = {isa = PBXFileReference; lastKnownFileType = sourcecode.swift; path = ProfileModel.swift; sourceTree = "<group>"; };
		8012E888226B58D50082746B /* Store.swift */ = {isa = PBXFileReference; lastKnownFileType = sourcecode.swift; path = Store.swift; sourceTree = "<group>"; };
		8012E88A226B5A640082746B /* Store.graphql */ = {isa = PBXFileReference; lastKnownFileType = text; path = Store.graphql; sourceTree = "<group>"; };
		8012E88C226B62640082746B /* GraphQLService.swift */ = {isa = PBXFileReference; lastKnownFileType = sourcecode.swift; path = GraphQLService.swift; sourceTree = "<group>"; };
		8012FD122272295F0044C1AC /* Location.graphql */ = {isa = PBXFileReference; lastKnownFileType = text; path = Location.graphql; sourceTree = "<group>"; };
		802973BE224F57E900A362D6 /* AllStoresController.swift */ = {isa = PBXFileReference; lastKnownFileType = sourcecode.swift; path = AllStoresController.swift; sourceTree = "<group>"; };
		805A9AD0227376AD0058D40D /* StoreCategory.swift */ = {isa = PBXFileReference; lastKnownFileType = sourcecode.swift; path = StoreCategory.swift; sourceTree = "<group>"; };
		805A9AD222737B7D0058D40D /* schema.json */ = {isa = PBXFileReference; fileEncoding = 4; lastKnownFileType = text.json; path = schema.json; sourceTree = "<group>"; };
		808533B52255263D005BF967 /* AllStoresCell.swift */ = {isa = PBXFileReference; lastKnownFileType = sourcecode.swift; path = AllStoresCell.swift; sourceTree = "<group>"; };
		8089786B224A6724003DEF2B /* UIDevice+Name.swift */ = {isa = PBXFileReference; lastKnownFileType = sourcecode.swift; path = "UIDevice+Name.swift"; sourceTree = "<group>"; };
		80945AD82268F7A700341894 /* Queries.graphql */ = {isa = PBXFileReference; lastKnownFileType = text; path = Queries.graphql; sourceTree = "<group>"; };
		80945ADA226905F500341894 /* API.swift */ = {isa = PBXFileReference; fileEncoding = 4; lastKnownFileType = sourcecode.swift; path = API.swift; sourceTree = "<group>"; };
		80945AE022690EB200341894 /* GraphQL.swift */ = {isa = PBXFileReference; lastKnownFileType = sourcecode.swift; path = GraphQL.swift; sourceTree = "<group>"; };
		80A795872249090B00EF856A /* UISeperator.swift */ = {isa = PBXFileReference; lastKnownFileType = sourcecode.swift; path = UISeperator.swift; sourceTree = "<group>"; };
		80AB976C22567561002507B9 /* UILabel.swift */ = {isa = PBXFileReference; lastKnownFileType = sourcecode.swift; path = UILabel.swift; sourceTree = "<group>"; };
		80AB976E22567C80002507B9 /* VerticalStackView.swift */ = {isa = PBXFileReference; lastKnownFileType = sourcecode.swift; path = VerticalStackView.swift; sourceTree = "<group>"; };
		80B0026D2247E9BA00E92DDB /* bryng.app */ = {isa = PBXFileReference; explicitFileType = wrapper.application; includeInIndex = 0; path = bryng.app; sourceTree = BUILT_PRODUCTS_DIR; };
		80B002702247E9BA00E92DDB /* AppDelegate.swift */ = {isa = PBXFileReference; lastKnownFileType = sourcecode.swift; path = AppDelegate.swift; sourceTree = "<group>"; };
		80B002722247E9BA00E92DDB /* ViewController.swift */ = {isa = PBXFileReference; lastKnownFileType = sourcecode.swift; path = ViewController.swift; sourceTree = "<group>"; };
		80B002752247E9BA00E92DDB /* Base */ = {isa = PBXFileReference; lastKnownFileType = file.storyboard; name = Base; path = Base.lproj/Main.storyboard; sourceTree = "<group>"; };
		80B002782247E9BA00E92DDB /* bryng.xcdatamodel */ = {isa = PBXFileReference; lastKnownFileType = wrapper.xcdatamodel; path = bryng.xcdatamodel; sourceTree = "<group>"; };
		80B0027A2247E9BC00E92DDB /* Assets.xcassets */ = {isa = PBXFileReference; lastKnownFileType = folder.assetcatalog; path = Assets.xcassets; sourceTree = "<group>"; };
		80B0027D2247E9BC00E92DDB /* Base */ = {isa = PBXFileReference; lastKnownFileType = file.storyboard; name = Base; path = Base.lproj/LaunchScreen.storyboard; sourceTree = "<group>"; };
		80B0027F2247E9BC00E92DDB /* Info.plist */ = {isa = PBXFileReference; lastKnownFileType = text.plist.xml; path = Info.plist; sourceTree = "<group>"; };
		80B002852247E9D800E92DDB /* BaseTabBarController.swift */ = {isa = PBXFileReference; lastKnownFileType = sourcecode.swift; path = BaseTabBarController.swift; sourceTree = "<group>"; };
		80C62975225CF02B00B943E1 /* StoreItemRowCell.swift */ = {isa = PBXFileReference; lastKnownFileType = sourcecode.swift; path = StoreItemRowCell.swift; sourceTree = "<group>"; };
		80C62977225CF2D200B943E1 /* HorizontalSnappingController.swift */ = {isa = PBXFileReference; lastKnownFileType = sourcecode.swift; path = HorizontalSnappingController.swift; sourceTree = "<group>"; };
		80C62979225CF9BF00B943E1 /* SnappingLayout.swift */ = {isa = PBXFileReference; lastKnownFileType = sourcecode.swift; path = SnappingLayout.swift; sourceTree = "<group>"; };
		80C6297B225D22AD00B943E1 /* BadgeButton.swift */ = {isa = PBXFileReference; lastKnownFileType = sourcecode.swift; path = BadgeButton.swift; sourceTree = "<group>"; };
		80C6EC8D224BFF55008E6EA9 /* GroceryShop.swift */ = {isa = PBXFileReference; lastKnownFileType = sourcecode.swift; path = GroceryShop.swift; sourceTree = "<group>"; };
		80CE1B272258EBC900B20351 /* StoreController.swift */ = {isa = PBXFileReference; lastKnownFileType = sourcecode.swift; path = StoreController.swift; sourceTree = "<group>"; };
		80CE1B292258ED2000B20351 /* StoreHeaderView.swift */ = {isa = PBXFileReference; lastKnownFileType = sourcecode.swift; path = StoreHeaderView.swift; sourceTree = "<group>"; };
		80CE1B2B2258F07300B20351 /* StoreHeaderLayout.swift */ = {isa = PBXFileReference; lastKnownFileType = sourcecode.swift; path = StoreHeaderLayout.swift; sourceTree = "<group>"; };
		80DE5EBC225CEC5400A4C175 /* StoreItemsGroupCell.swift */ = {isa = PBXFileReference; lastKnownFileType = sourcecode.swift; path = StoreItemsGroupCell.swift; sourceTree = "<group>"; };
		80DE5EBE225CED5400A4C175 /* StoreItemsHorizontalController.swift */ = {isa = PBXFileReference; lastKnownFileType = sourcecode.swift; path = StoreItemsHorizontalController.swift; sourceTree = "<group>"; };
		80E36BBD22633F3100612AF1 /* MyProfileController.swift */ = {isa = PBXFileReference; lastKnownFileType = sourcecode.swift; path = MyProfileController.swift; sourceTree = "<group>"; };
		80E36BBF2263435200612AF1 /* MyProfileCell.swift */ = {isa = PBXFileReference; lastKnownFileType = sourcecode.swift; path = MyProfileCell.swift; sourceTree = "<group>"; };
		80E36BC122636DD300612AF1 /* RegistrationController.swift */ = {isa = PBXFileReference; lastKnownFileType = sourcecode.swift; path = RegistrationController.swift; sourceTree = "<group>"; };
		80E36BC42263790900612AF1 /* RegistrationViewModel.swift */ = {isa = PBXFileReference; lastKnownFileType = sourcecode.swift; path = RegistrationViewModel.swift; sourceTree = "<group>"; };
		80E36BC62263977A00612AF1 /* BryngTextField.swift */ = {isa = PBXFileReference; lastKnownFileType = sourcecode.swift; path = BryngTextField.swift; sourceTree = "<group>"; };
		80E36BC822639D0600612AF1 /* MyProfileViewModel.swift */ = {isa = PBXFileReference; lastKnownFileType = sourcecode.swift; path = MyProfileViewModel.swift; sourceTree = "<group>"; };
		80F6F65B2266310800C7B591 /* UIColor+Variables.swift */ = {isa = PBXFileReference; lastKnownFileType = sourcecode.swift; path = "UIColor+Variables.swift"; sourceTree = "<group>"; };
		80F6F65D2266357400C7B591 /* Page.swift */ = {isa = PBXFileReference; lastKnownFileType = sourcecode.swift; path = Page.swift; sourceTree = "<group>"; };
		CB4F1AD20BFA9CAA9A17C774 /* Pods-bryng.release.xcconfig */ = {isa = PBXFileReference; includeInIndex = 1; lastKnownFileType = text.xcconfig; name = "Pods-bryng.release.xcconfig"; path = "Target Support Files/Pods-bryng/Pods-bryng.release.xcconfig"; sourceTree = "<group>"; };
/* End PBXFileReference section */

/* Begin PBXFrameworksBuildPhase section */
		80B0026A2247E9BA00E92DDB /* Frameworks */ = {
			isa = PBXFrameworksBuildPhase;
			buildActionMask = 2147483647;
			files = (
				800E3F6D224AB3820030A61A /* MapKit.framework in Frameworks */,
				D3AB3C24C5169BCA6D044CCD /* Pods_bryng.framework in Frameworks */,
			);
			runOnlyForDeploymentPostprocessing = 0;
		};
/* End PBXFrameworksBuildPhase section */

/* Begin PBXGroup section */
		454D023E9842F8993CDA02A5 /* Pods */ = {
			isa = PBXGroup;
			children = (
				29D845F85EED33E73DF8A290 /* Pods-bryng.debug.xcconfig */,
				CB4F1AD20BFA9CAA9A17C774 /* Pods-bryng.release.xcconfig */,
			);
			path = Pods;
			sourceTree = "<group>";
		};
		57B1A215BDE9563468B76767 /* CoreData */ = {
			isa = PBXGroup;
			children = (
				57B1A4AD1043C74ACE4125E7 /* CoreDataManager.swift */,
			);
			path = CoreData;
			sourceTree = "<group>";
		};
		8002BDB72265EAAE00CECB4C /* Preview */ = {
			isa = PBXGroup;
			children = (
				8002BDB82265EB1700CECB4C /* PreviewController.swift */,
			);
			path = Preview;
			sourceTree = "<group>";
		};
		8002BDBC2265EF6900CECB4C /* Preview */ = {
			isa = PBXGroup;
			children = (
				8002BDBD2265EF7400CECB4C /* PreviewPageCell.swift */,
			);
			path = Preview;
			sourceTree = "<group>";
		};
		8003E85922687167005200C5 /* Login */ = {
			isa = PBXGroup;
			children = (
				8003E85A22687197005200C5 /* LoginController.swift */,
				8003E85C2268728D005200C5 /* LoginViewModel.swift */,
			);
			path = Login;
			sourceTree = "<group>";
		};
		800BBAA722480A8D00110A0C /* Controller */ = {
			isa = PBXGroup;
			children = (
				8003E85922687167005200C5 /* Login */,
				8002BDB72265EAAE00CECB4C /* Preview */,
				80E36BC3226378F700612AF1 /* Registration */,
				8010303E2261D98A0079ABBB /* Profile */,
				80DE5EBA225CEBB300A4C175 /* Store */,
				802973BE224F57E900A362D6 /* AllStoresController.swift */,
				80B002852247E9D800E92DDB /* BaseTabBarController.swift */,
				80C62977225CF2D200B943E1 /* HorizontalSnappingController.swift */,
				8009AEC3225DEA6C00917602 /* MapController.swift */,
				8009AEC7225E70CB00917602 /* BaseViewController.swift */,
			);
			path = Controller;
			sourceTree = "<group>";
		};
		800BBAAA22480C1B00110A0C /* Extensions */ = {
			isa = PBXGroup;
			children = (
				800BBAAB22480C4600110A0C /* UIView+Layout.swift */,
				800BBAAD2248122300110A0C /* UIButton+Layout.swift */,
				80A795872249090B00EF856A /* UISeperator.swift */,
				8089786B224A6724003DEF2B /* UIDevice+Name.swift */,
				80AB976C22567561002507B9 /* UILabel.swift */,
				80F6F65B2266310800C7B591 /* UIColor+Variables.swift */,
				8010CE662274611C00316C83 /* UIImageView+Fetch.swift */,
			);
			path = Extensions;
			sourceTree = "<group>";
		};
		800E3F6B224AB3820030A61A /* Frameworks */ = {
			isa = PBXGroup;
			children = (
				800E3F6C224AB3820030A61A /* MapKit.framework */,
				3DCD2FA0954B2811912B44D9 /* Pods_bryng.framework */,
			);
			name = Frameworks;
			sourceTree = "<group>";
		};
		8010303E2261D98A0079ABBB /* Profile */ = {
			isa = PBXGroup;
			children = (
				800BBAA822480AB900110A0C /* ProfileController.swift */,
				8010303F2261D9980079ABBB /* AboutUsController.swift */,
				8010304422620FC50079ABBB /* SocialMediaController.swift */,
				80103048226215AA0079ABBB /* ProfileBaseViewController.swift */,
				8010304C2262474D0079ABBB /* OrdersController.swift */,
				80E36BBD22633F3100612AF1 /* MyProfileController.swift */,
				80E36BC822639D0600612AF1 /* MyProfileViewModel.swift */,
			);
			path = Profile;
			sourceTree = "<group>";
		};
		80103041226205520079ABBB /* Profile */ = {
			isa = PBXGroup;
			children = (
				801030422262056E0079ABBB /* CloseHeaderView.swift */,
				80103046226214F40079ABBB /* SocialMediaCell.swift */,
				8010304E22624B7E0079ABBB /* OrderCell.swift */,
				80E36BBF2263435200612AF1 /* MyProfileCell.swift */,
				8003E85E22689A1B005200C5 /* ProfileCell.swift */,
			);
			path = Profile;
			sourceTree = "<group>";
		};
		8010CE6322745A9B00316C83 /* Store */ = {
			isa = PBXGroup;
			children = (
				8012E888226B58D50082746B /* Store.swift */,
				805A9AD0227376AD0058D40D /* StoreCategory.swift */,
				8010CE6422745AD100316C83 /* StoreItem.swift */,
			);
			path = Store;
			sourceTree = "<group>";
		};
		808533B422552626005BF967 /* Views */ = {
			isa = PBXGroup;
			children = (
				8002BDBC2265EF6900CECB4C /* Preview */,
				80103041226205520079ABBB /* Profile */,
				80DE5EBB225CEC4400A4C175 /* Store */,
				808533B52255263D005BF967 /* AllStoresCell.swift */,
				8001EB222264706400D4514F /* MapStoreInformationView.swift */,
			);
			path = Views;
			sourceTree = "<group>";
		};
		80945AE22269105800341894 /* GraphQL */ = {
			isa = PBXGroup;
			children = (
				80945AE022690EB200341894 /* GraphQL.swift */,
				8012E88C226B62640082746B /* GraphQLService.swift */,
				80945AD82268F7A700341894 /* Queries.graphql */,
				800F7A892269FFAB00020848 /* Login.graphql */,
				800F7A8B226A0A4D00020848 /* Register.graphql */,
				8012E88A226B5A640082746B /* Store.graphql */,
				8012FD122272295F0044C1AC /* Location.graphql */,
			);
			path = GraphQL;
			sourceTree = "<group>";
		};
		80AB977022567C87002507B9 /* Util */ = {
			isa = PBXGroup;
			children = (
				80AB976E22567C80002507B9 /* VerticalStackView.swift */,
				80CE1B2B2258F07300B20351 /* StoreHeaderLayout.swift */,
				80C62979225CF9BF00B943E1 /* SnappingLayout.swift */,
				80C6297B225D22AD00B943E1 /* BadgeButton.swift */,
				8009AEC5225E6E9A00917602 /* AlertUtil.swift */,
				80E36BC62263977A00612AF1 /* BryngTextField.swift */,
			);
			path = Util;
			sourceTree = "<group>";
		};
		80B002642247E9BA00E92DDB = {
			isa = PBXGroup;
			children = (
				800E3F70224AB9B60030A61A /* berlin.gpx */,
				80B0026F2247E9BA00E92DDB /* bryng */,
				80B0026E2247E9BA00E92DDB /* Products */,
				800E3F6B224AB3820030A61A /* Frameworks */,
				454D023E9842F8993CDA02A5 /* Pods */,
			);
			sourceTree = "<group>";
		};
		80B0026E2247E9BA00E92DDB /* Products */ = {
			isa = PBXGroup;
			children = (
				80B0026D2247E9BA00E92DDB /* bryng.app */,
			);
			name = Products;
			sourceTree = "<group>";
		};
		80B0026F2247E9BA00E92DDB /* bryng */ = {
			isa = PBXGroup;
			children = (
				80945AE22269105800341894 /* GraphQL */,
				57B1A215BDE9563468B76767 /* CoreData */,
				80AB977022567C87002507B9 /* Util */,
				808533B422552626005BF967 /* Views */,
				80C6EC8C224BFF40008E6EA9 /* Model */,
				800BBAAA22480C1B00110A0C /* Extensions */,
				800BBAA722480A8D00110A0C /* Controller */,
				80B002702247E9BA00E92DDB /* AppDelegate.swift */,
				80B002722247E9BA00E92DDB /* ViewController.swift */,
				80945ADA226905F500341894 /* API.swift */,
				805A9AD222737B7D0058D40D /* schema.json */,
				80B002742247E9BA00E92DDB /* Main.storyboard */,
				80B0027A2247E9BC00E92DDB /* Assets.xcassets */,
				80B0027C2247E9BC00E92DDB /* LaunchScreen.storyboard */,
				80B0027F2247E9BC00E92DDB /* Info.plist */,
				80B002772247E9BA00E92DDB /* bryng.xcdatamodeld */,
			);
			path = bryng;
			sourceTree = "<group>";
		};
		80BE6690225FC81600438784 /* Cart */ = {
			isa = PBXGroup;
			children = (
				8000764C22672145008B09EA /* CartCell.swift */,
				80007650226730A1008B09EA /* CartHeader.swift */,
			);
			path = Cart;
			sourceTree = "<group>";
		};
		80C6EC8C224BFF40008E6EA9 /* Model */ = {
			isa = PBXGroup;
			children = (
				8010CE6322745A9B00316C83 /* Store */,
				80C6EC8D224BFF55008E6EA9 /* GroceryShop.swift */,
				8010304A226226A70079ABBB /* SocialMediaModel.swift */,
				80F6F65D2266357400C7B591 /* Page.swift */,
				8000764E22672915008B09EA /* CartProduct.swift */,
				8012E886226B1C200082746B /* ProfileModel.swift */,
			);
			path = Model;
			sourceTree = "<group>";
		};
		80DE5EBA225CEBB300A4C175 /* Store */ = {
			isa = PBXGroup;
			children = (
				80CE1B272258EBC900B20351 /* StoreController.swift */,
				80DE5EBE225CED5400A4C175 /* StoreItemsHorizontalController.swift */,
				8000764A22671F64008B09EA /* CartController.swift */,
			);
			path = Store;
			sourceTree = "<group>";
		};
		80DE5EBB225CEC4400A4C175 /* Store */ = {
			isa = PBXGroup;
			children = (
				80BE6690225FC81600438784 /* Cart */,
				80DE5EBC225CEC5400A4C175 /* StoreItemsGroupCell.swift */,
				80C62975225CF02B00B943E1 /* StoreItemRowCell.swift */,
				80CE1B292258ED2000B20351 /* StoreHeaderView.swift */,
			);
			path = Store;
			sourceTree = "<group>";
		};
		80E36BC3226378F700612AF1 /* Registration */ = {
			isa = PBXGroup;
			children = (
				80E36BC122636DD300612AF1 /* RegistrationController.swift */,
				80E36BC42263790900612AF1 /* RegistrationViewModel.swift */,
			);
			path = Registration;
			sourceTree = "<group>";
		};
/* End PBXGroup section */

/* Begin PBXNativeTarget section */
		80B0026C2247E9BA00E92DDB /* bryng */ = {
			isa = PBXNativeTarget;
			buildConfigurationList = 80B002822247E9BC00E92DDB /* Build configuration list for PBXNativeTarget "bryng" */;
			buildPhases = (
				3529BEF306002B5D2E95FDFA /* [CP] Check Pods Manifest.lock */,
				800D32672268EAA000DF1C89 /* Generate Apollo GraphQL API */,
				80B002692247E9BA00E92DDB /* Sources */,
				80B0026A2247E9BA00E92DDB /* Frameworks */,
				80B0026B2247E9BA00E92DDB /* Resources */,
				F5A1678321C4C8E2E0685B0E /* [CP] Embed Pods Frameworks */,
			);
			buildRules = (
			);
			dependencies = (
			);
			name = bryng;
			productName = bryng;
			productReference = 80B0026D2247E9BA00E92DDB /* bryng.app */;
			productType = "com.apple.product-type.application";
		};
/* End PBXNativeTarget section */

/* Begin PBXProject section */
		80B002652247E9BA00E92DDB /* Project object */ = {
			isa = PBXProject;
			attributes = {
				LastSwiftUpdateCheck = 1010;
				LastUpgradeCheck = 1010;
				ORGANIZATIONNAME = bryng;
				TargetAttributes = {
					80B0026C2247E9BA00E92DDB = {
						CreatedOnToolsVersion = 10.1;
						LastSwiftMigration = 1020;
						SystemCapabilities = {
							com.apple.Maps.iOS = {
								enabled = 1;
							};
						};
					};
				};
			};
			buildConfigurationList = 80B002682247E9BA00E92DDB /* Build configuration list for PBXProject "bryng" */;
			compatibilityVersion = "Xcode 9.3";
			developmentRegion = en;
			hasScannedForEncodings = 0;
			knownRegions = (
				en,
				Base,
			);
			mainGroup = 80B002642247E9BA00E92DDB;
			productRefGroup = 80B0026E2247E9BA00E92DDB /* Products */;
			projectDirPath = "";
			projectRoot = "";
			targets = (
				80B0026C2247E9BA00E92DDB /* bryng */,
			);
		};
/* End PBXProject section */

/* Begin PBXResourcesBuildPhase section */
		80B0026B2247E9BA00E92DDB /* Resources */ = {
			isa = PBXResourcesBuildPhase;
			buildActionMask = 2147483647;
			files = (
				80B0027E2247E9BC00E92DDB /* LaunchScreen.storyboard in Resources */,
				805A9AD322737B7D0058D40D /* schema.json in Resources */,
				8012E88B226B5A640082746B /* Store.graphql in Resources */,
				800F7A8A2269FFAB00020848 /* Login.graphql in Resources */,
				80945AD92268F7A700341894 /* Queries.graphql in Resources */,
				800F7A8C226A0A4D00020848 /* Register.graphql in Resources */,
				80B0027B2247E9BC00E92DDB /* Assets.xcassets in Resources */,
				8012FD132272295F0044C1AC /* Location.graphql in Resources */,
				80B002762247E9BA00E92DDB /* Main.storyboard in Resources */,
			);
			runOnlyForDeploymentPostprocessing = 0;
		};
/* End PBXResourcesBuildPhase section */

/* Begin PBXShellScriptBuildPhase section */
		3529BEF306002B5D2E95FDFA /* [CP] Check Pods Manifest.lock */ = {
			isa = PBXShellScriptBuildPhase;
			buildActionMask = 2147483647;
			files = (
			);
			inputFileListPaths = (
			);
			inputPaths = (
				"${PODS_PODFILE_DIR_PATH}/Podfile.lock",
				"${PODS_ROOT}/Manifest.lock",
			);
			name = "[CP] Check Pods Manifest.lock";
			outputFileListPaths = (
			);
			outputPaths = (
				"$(DERIVED_FILE_DIR)/Pods-bryng-checkManifestLockResult.txt",
			);
			runOnlyForDeploymentPostprocessing = 0;
			shellPath = /bin/sh;
			shellScript = "diff \"${PODS_PODFILE_DIR_PATH}/Podfile.lock\" \"${PODS_ROOT}/Manifest.lock\" > /dev/null\nif [ $? != 0 ] ; then\n    # print error to STDERR\n    echo \"error: The sandbox is not in sync with the Podfile.lock. Run 'pod install' or update your CocoaPods installation.\" >&2\n    exit 1\nfi\n# This output is used by Xcode 'outputs' to avoid re-running this script phase.\necho \"SUCCESS\" > \"${SCRIPT_OUTPUT_FILE_0}\"\n";
			showEnvVarsInLog = 0;
		};
		800D32672268EAA000DF1C89 /* Generate Apollo GraphQL API */ = {
			isa = PBXShellScriptBuildPhase;
			buildActionMask = 12;
			files = (
			);
			inputFileListPaths = (
			);
			inputPaths = (
			);
			name = "Generate Apollo GraphQL API";
			outputFileListPaths = (
			);
			outputPaths = (
			);
			runOnlyForDeploymentPostprocessing = 0;
			shellPath = /bin/sh;
			shellScript = "APOLLO_FRAMEWORK_PATH=\"$(eval find $FRAMEWORK_SEARCH_PATHS -name \"Apollo.framework\" -maxdepth 1)\"\n\nif [ -z \"$APOLLO_FRAMEWORK_PATH\" ]; then\necho \"error: Couldn't find Apollo.framework in FRAMEWORK_SEARCH_PATHS; make sure to add the framework to your project.\"\nexit 1\nfi\n\ncd \"${SRCROOT}/${TARGET_NAME}\"\n$APOLLO_FRAMEWORK_PATH/check-and-run-apollo-cli.sh codegen:generate --queries=\"$(find . -name '*.graphql')\" --schema=schema.json API.swift\n";
		};
		F5A1678321C4C8E2E0685B0E /* [CP] Embed Pods Frameworks */ = {
			isa = PBXShellScriptBuildPhase;
			buildActionMask = 2147483647;
			files = (
			);
			inputFileListPaths = (
			);
			inputPaths = (
				"${PODS_ROOT}/Target Support Files/Pods-bryng/Pods-bryng-frameworks.sh",
				"${BUILT_PRODUCTS_DIR}/Apollo/Apollo.framework",
				"${BUILT_PRODUCTS_DIR}/JGProgressHUD/JGProgressHUD.framework",
				"${BUILT_PRODUCTS_DIR}/SDWebImage/SDWebImage.framework",
			);
			name = "[CP] Embed Pods Frameworks";
			outputFileListPaths = (
			);
			outputPaths = (
				"${TARGET_BUILD_DIR}/${FRAMEWORKS_FOLDER_PATH}/Apollo.framework",
				"${TARGET_BUILD_DIR}/${FRAMEWORKS_FOLDER_PATH}/JGProgressHUD.framework",
				"${TARGET_BUILD_DIR}/${FRAMEWORKS_FOLDER_PATH}/SDWebImage.framework",
			);
			runOnlyForDeploymentPostprocessing = 0;
			shellPath = /bin/sh;
			shellScript = "\"${PODS_ROOT}/Target Support Files/Pods-bryng/Pods-bryng-frameworks.sh\"\n";
			showEnvVarsInLog = 0;
		};
/* End PBXShellScriptBuildPhase section */

/* Begin PBXSourcesBuildPhase section */
		80B002692247E9BA00E92DDB /* Sources */ = {
			isa = PBXSourcesBuildPhase;
			buildActionMask = 2147483647;
			files = (
				8010304D2262474D0079ABBB /* OrdersController.swift in Sources */,
				800BBAA922480AB900110A0C /* ProfileController.swift in Sources */,
				80103049226215AA0079ABBB /* ProfileBaseViewController.swift in Sources */,
				80F6F65E2266357400C7B591 /* Page.swift in Sources */,
				80CE1B282258EBC900B20351 /* StoreController.swift in Sources */,
				80AB976F22567C80002507B9 /* VerticalStackView.swift in Sources */,
				8010CE6522745AD100316C83 /* StoreItem.swift in Sources */,
				80103047226214F40079ABBB /* SocialMediaCell.swift in Sources */,
				8012E88D226B62640082746B /* GraphQLService.swift in Sources */,
				80DE5EBD225CEC5400A4C175 /* StoreItemsGroupCell.swift in Sources */,
				8003E85D2268728D005200C5 /* LoginViewModel.swift in Sources */,
				8002BDB92265EB1700CECB4C /* PreviewController.swift in Sources */,
				8009AEC8225E70CB00917602 /* BaseViewController.swift in Sources */,
				8000764D22672145008B09EA /* CartCell.swift in Sources */,
				80B002862247E9D800E92DDB /* BaseTabBarController.swift in Sources */,
				8089786C224A6724003DEF2B /* UIDevice+Name.swift in Sources */,
				80AB976D22567561002507B9 /* UILabel.swift in Sources */,
				80CE1B2C2258F07300B20351 /* StoreHeaderLayout.swift in Sources */,
				80E36BC72263977A00612AF1 /* BryngTextField.swift in Sources */,
				8012E887226B1C200082746B /* ProfileModel.swift in Sources */,
				80007651226730A1008B09EA /* CartHeader.swift in Sources */,
				8002BDBE2265EF7400CECB4C /* PreviewPageCell.swift in Sources */,
				8010304B226226A70079ABBB /* SocialMediaModel.swift in Sources */,
				801030432262056E0079ABBB /* CloseHeaderView.swift in Sources */,
				80A795882249090B00EF856A /* UISeperator.swift in Sources */,
				808533B62255263D005BF967 /* AllStoresCell.swift in Sources */,
				801030402261D9980079ABBB /* AboutUsController.swift in Sources */,
				80C6297C225D22AD00B943E1 /* BadgeButton.swift in Sources */,
				8000764F22672915008B09EA /* CartProduct.swift in Sources */,
				80E36BC52263790900612AF1 /* RegistrationViewModel.swift in Sources */,
				800BBAAC22480C4600110A0C /* UIView+Layout.swift in Sources */,
				8010304F22624B7E0079ABBB /* OrderCell.swift in Sources */,
				8003E85B22687197005200C5 /* LoginController.swift in Sources */,
				805A9AD1227376AD0058D40D /* StoreCategory.swift in Sources */,
				80C6297A225CF9BF00B943E1 /* SnappingLayout.swift in Sources */,
				8001EB232264706400D4514F /* MapStoreInformationView.swift in Sources */,
				8012E889226B58D50082746B /* Store.swift in Sources */,
				80B002792247E9BA00E92DDB /* bryng.xcdatamodeld in Sources */,
				8009AEC6225E6E9A00917602 /* AlertUtil.swift in Sources */,
				80945ADB226905F500341894 /* API.swift in Sources */,
				80945AE122690EB200341894 /* GraphQL.swift in Sources */,
				80B002732247E9BA00E92DDB /* ViewController.swift in Sources */,
				80C6EC8E224BFF55008E6EA9 /* GroceryShop.swift in Sources */,
				8010304522620FC50079ABBB /* SocialMediaController.swift in Sources */,
				80E36BBE22633F3100612AF1 /* MyProfileController.swift in Sources */,
				80DE5EBF225CED5400A4C175 /* StoreItemsHorizontalController.swift in Sources */,
				80F6F65C2266310800C7B591 /* UIColor+Variables.swift in Sources */,
				80CE1B2A2258ED2000B20351 /* StoreHeaderView.swift in Sources */,
				80E36BC02263435200612AF1 /* MyProfileCell.swift in Sources */,
				80C62976225CF02B00B943E1 /* StoreItemRowCell.swift in Sources */,
				8010CE672274611C00316C83 /* UIImageView+Fetch.swift in Sources */,
				800BBAAE2248122300110A0C /* UIButton+Layout.swift in Sources */,
				80E36BC922639D0600612AF1 /* MyProfileViewModel.swift in Sources */,
				8000764B22671F64008B09EA /* CartController.swift in Sources */,
				8003E85F22689A1B005200C5 /* ProfileCell.swift in Sources */,
				80C62978225CF2D200B943E1 /* HorizontalSnappingController.swift in Sources */,
				802973BF224F57E900A362D6 /* AllStoresController.swift in Sources */,
				8009AEC4225DEA6C00917602 /* MapController.swift in Sources */,
				80B002712247E9BA00E92DDB /* AppDelegate.swift in Sources */,
				80E36BC222636DD300612AF1 /* RegistrationController.swift in Sources */,
				57B1AB2B72C6D7D7AEAFADF0 /* CoreDataManager.swift in Sources */,
			);
			runOnlyForDeploymentPostprocessing = 0;
		};
/* End PBXSourcesBuildPhase section */

/* Begin PBXVariantGroup section */
		80B002742247E9BA00E92DDB /* Main.storyboard */ = {
			isa = PBXVariantGroup;
			children = (
				80B002752247E9BA00E92DDB /* Base */,
			);
			name = Main.storyboard;
			sourceTree = "<group>";
		};
		80B0027C2247E9BC00E92DDB /* LaunchScreen.storyboard */ = {
			isa = PBXVariantGroup;
			children = (
				80B0027D2247E9BC00E92DDB /* Base */,
			);
			name = LaunchScreen.storyboard;
			sourceTree = "<group>";
		};
/* End PBXVariantGroup section */

/* Begin XCBuildConfiguration section */
		80B002802247E9BC00E92DDB /* Debug */ = {
			isa = XCBuildConfiguration;
			buildSettings = {
				ALWAYS_SEARCH_USER_PATHS = NO;
				CLANG_ANALYZER_NONNULL = YES;
				CLANG_ANALYZER_NUMBER_OBJECT_CONVERSION = YES_AGGRESSIVE;
				CLANG_CXX_LANGUAGE_STANDARD = "gnu++14";
				CLANG_CXX_LIBRARY = "libc++";
				CLANG_ENABLE_MODULES = YES;
				CLANG_ENABLE_OBJC_ARC = YES;
				CLANG_ENABLE_OBJC_WEAK = YES;
				CLANG_WARN_BLOCK_CAPTURE_AUTORELEASING = YES;
				CLANG_WARN_BOOL_CONVERSION = YES;
				CLANG_WARN_COMMA = YES;
				CLANG_WARN_CONSTANT_CONVERSION = YES;
				CLANG_WARN_DEPRECATED_OBJC_IMPLEMENTATIONS = YES;
				CLANG_WARN_DIRECT_OBJC_ISA_USAGE = YES_ERROR;
				CLANG_WARN_DOCUMENTATION_COMMENTS = YES;
				CLANG_WARN_EMPTY_BODY = YES;
				CLANG_WARN_ENUM_CONVERSION = YES;
				CLANG_WARN_INFINITE_RECURSION = YES;
				CLANG_WARN_INT_CONVERSION = YES;
				CLANG_WARN_NON_LITERAL_NULL_CONVERSION = YES;
				CLANG_WARN_OBJC_IMPLICIT_RETAIN_SELF = YES;
				CLANG_WARN_OBJC_LITERAL_CONVERSION = YES;
				CLANG_WARN_OBJC_ROOT_CLASS = YES_ERROR;
				CLANG_WARN_RANGE_LOOP_ANALYSIS = YES;
				CLANG_WARN_STRICT_PROTOTYPES = YES;
				CLANG_WARN_SUSPICIOUS_MOVE = YES;
				CLANG_WARN_UNGUARDED_AVAILABILITY = YES_AGGRESSIVE;
				CLANG_WARN_UNREACHABLE_CODE = YES;
				CLANG_WARN__DUPLICATE_METHOD_MATCH = YES;
				CODE_SIGN_IDENTITY = "iPhone Developer";
				COPY_PHASE_STRIP = NO;
				DEBUG_INFORMATION_FORMAT = dwarf;
				ENABLE_STRICT_OBJC_MSGSEND = YES;
				ENABLE_TESTABILITY = YES;
				GCC_C_LANGUAGE_STANDARD = gnu11;
				GCC_DYNAMIC_NO_PIC = NO;
				GCC_NO_COMMON_BLOCKS = YES;
				GCC_OPTIMIZATION_LEVEL = 0;
				GCC_PREPROCESSOR_DEFINITIONS = (
					"DEBUG=1",
					"$(inherited)",
				);
				GCC_WARN_64_TO_32_BIT_CONVERSION = YES;
				GCC_WARN_ABOUT_RETURN_TYPE = YES_ERROR;
				GCC_WARN_UNDECLARED_SELECTOR = YES;
				GCC_WARN_UNINITIALIZED_AUTOS = YES_AGGRESSIVE;
				GCC_WARN_UNUSED_FUNCTION = YES;
				GCC_WARN_UNUSED_VARIABLE = YES;
				IPHONEOS_DEPLOYMENT_TARGET = 12.1;
				MTL_ENABLE_DEBUG_INFO = INCLUDE_SOURCE;
				MTL_FAST_MATH = YES;
				ONLY_ACTIVE_ARCH = YES;
				SDKROOT = iphoneos;
				SWIFT_ACTIVE_COMPILATION_CONDITIONS = DEBUG;
				SWIFT_OPTIMIZATION_LEVEL = "-Onone";
			};
			name = Debug;
		};
		80B002812247E9BC00E92DDB /* Release */ = {
			isa = XCBuildConfiguration;
			buildSettings = {
				ALWAYS_SEARCH_USER_PATHS = NO;
				CLANG_ANALYZER_NONNULL = YES;
				CLANG_ANALYZER_NUMBER_OBJECT_CONVERSION = YES_AGGRESSIVE;
				CLANG_CXX_LANGUAGE_STANDARD = "gnu++14";
				CLANG_CXX_LIBRARY = "libc++";
				CLANG_ENABLE_MODULES = YES;
				CLANG_ENABLE_OBJC_ARC = YES;
				CLANG_ENABLE_OBJC_WEAK = YES;
				CLANG_WARN_BLOCK_CAPTURE_AUTORELEASING = YES;
				CLANG_WARN_BOOL_CONVERSION = YES;
				CLANG_WARN_COMMA = YES;
				CLANG_WARN_CONSTANT_CONVERSION = YES;
				CLANG_WARN_DEPRECATED_OBJC_IMPLEMENTATIONS = YES;
				CLANG_WARN_DIRECT_OBJC_ISA_USAGE = YES_ERROR;
				CLANG_WARN_DOCUMENTATION_COMMENTS = YES;
				CLANG_WARN_EMPTY_BODY = YES;
				CLANG_WARN_ENUM_CONVERSION = YES;
				CLANG_WARN_INFINITE_RECURSION = YES;
				CLANG_WARN_INT_CONVERSION = YES;
				CLANG_WARN_NON_LITERAL_NULL_CONVERSION = YES;
				CLANG_WARN_OBJC_IMPLICIT_RETAIN_SELF = YES;
				CLANG_WARN_OBJC_LITERAL_CONVERSION = YES;
				CLANG_WARN_OBJC_ROOT_CLASS = YES_ERROR;
				CLANG_WARN_RANGE_LOOP_ANALYSIS = YES;
				CLANG_WARN_STRICT_PROTOTYPES = YES;
				CLANG_WARN_SUSPICIOUS_MOVE = YES;
				CLANG_WARN_UNGUARDED_AVAILABILITY = YES_AGGRESSIVE;
				CLANG_WARN_UNREACHABLE_CODE = YES;
				CLANG_WARN__DUPLICATE_METHOD_MATCH = YES;
				CODE_SIGN_IDENTITY = "iPhone Developer";
				COPY_PHASE_STRIP = NO;
				DEBUG_INFORMATION_FORMAT = "dwarf-with-dsym";
				ENABLE_NS_ASSERTIONS = NO;
				ENABLE_STRICT_OBJC_MSGSEND = YES;
				GCC_C_LANGUAGE_STANDARD = gnu11;
				GCC_NO_COMMON_BLOCKS = YES;
				GCC_WARN_64_TO_32_BIT_CONVERSION = YES;
				GCC_WARN_ABOUT_RETURN_TYPE = YES_ERROR;
				GCC_WARN_UNDECLARED_SELECTOR = YES;
				GCC_WARN_UNINITIALIZED_AUTOS = YES_AGGRESSIVE;
				GCC_WARN_UNUSED_FUNCTION = YES;
				GCC_WARN_UNUSED_VARIABLE = YES;
				IPHONEOS_DEPLOYMENT_TARGET = 12.1;
				MTL_ENABLE_DEBUG_INFO = NO;
				MTL_FAST_MATH = YES;
				SDKROOT = iphoneos;
				SWIFT_COMPILATION_MODE = wholemodule;
				SWIFT_OPTIMIZATION_LEVEL = "-O";
				VALIDATE_PRODUCT = YES;
			};
			name = Release;
		};
		80B002832247E9BC00E92DDB /* Debug */ = {
			isa = XCBuildConfiguration;
			baseConfigurationReference = 29D845F85EED33E73DF8A290 /* Pods-bryng.debug.xcconfig */;
			buildSettings = {
				ASSETCATALOG_COMPILER_APPICON_NAME = AppIcon;
				CODE_SIGN_STYLE = Automatic;
				DEVELOPMENT_TEAM = 577Y5S5458;
				INFOPLIST_FILE = bryng/Info.plist;
				IPHONEOS_DEPLOYMENT_TARGET = 12.2;
				LD_RUNPATH_SEARCH_PATHS = (
					"$(inherited)",
					"@executable_path/Frameworks",
				);
				PRODUCT_BUNDLE_IDENTIFIER = app.bryng.bryng;
				PRODUCT_NAME = "$(TARGET_NAME)";
				SWIFT_VERSION = 5.0;
				TARGETED_DEVICE_FAMILY = "1,2";
			};
			name = Debug;
		};
		80B002842247E9BC00E92DDB /* Release */ = {
			isa = XCBuildConfiguration;
			baseConfigurationReference = CB4F1AD20BFA9CAA9A17C774 /* Pods-bryng.release.xcconfig */;
			buildSettings = {
				ASSETCATALOG_COMPILER_APPICON_NAME = AppIcon;
				CODE_SIGN_STYLE = Automatic;
				DEVELOPMENT_TEAM = 577Y5S5458;
				INFOPLIST_FILE = bryng/Info.plist;
				IPHONEOS_DEPLOYMENT_TARGET = 12.2;
				LD_RUNPATH_SEARCH_PATHS = (
					"$(inherited)",
					"@executable_path/Frameworks",
				);
				PRODUCT_BUNDLE_IDENTIFIER = app.bryng.bryng;
				PRODUCT_NAME = "$(TARGET_NAME)";
				SWIFT_VERSION = 5.0;
				TARGETED_DEVICE_FAMILY = "1,2";
			};
			name = Release;
		};
/* End XCBuildConfiguration section */

/* Begin XCConfigurationList section */
		80B002682247E9BA00E92DDB /* Build configuration list for PBXProject "bryng" */ = {
			isa = XCConfigurationList;
			buildConfigurations = (
				80B002802247E9BC00E92DDB /* Debug */,
				80B002812247E9BC00E92DDB /* Release */,
			);
			defaultConfigurationIsVisible = 0;
			defaultConfigurationName = Release;
		};
		80B002822247E9BC00E92DDB /* Build configuration list for PBXNativeTarget "bryng" */ = {
			isa = XCConfigurationList;
			buildConfigurations = (
				80B002832247E9BC00E92DDB /* Debug */,
				80B002842247E9BC00E92DDB /* Release */,
			);
			defaultConfigurationIsVisible = 0;
			defaultConfigurationName = Release;
		};
/* End XCConfigurationList section */

/* Begin XCVersionGroup section */
		80B002772247E9BA00E92DDB /* bryng.xcdatamodeld */ = {
			isa = XCVersionGroup;
			children = (
				80B002782247E9BA00E92DDB /* bryng.xcdatamodel */,
			);
			currentVersion = 80B002782247E9BA00E92DDB /* bryng.xcdatamodel */;
			path = bryng.xcdatamodeld;
			sourceTree = "<group>";
			versionGroupType = wrapper.xcdatamodel;
		};
/* End XCVersionGroup section */
	};
	rootObject = 80B002652247E9BA00E92DDB /* Project object */;
}
