// !$*UTF8*$!
{
	archiveVersion = 1;
	classes = {
	};
	objectVersion = 50;
	objects = {

/* Begin PBXBuildFile section */
		57B1A0A138FFA315388C50D5 /* CartCell.swift in Sources */ = {isa = PBXBuildFile; fileRef = 57B1A95FE01EEB6A25907BAE /* CartCell.swift */; };
		57B1AB2B72C6D7D7AEAFADF0 /* CoreDataManager.swift in Sources */ = {isa = PBXBuildFile; fileRef = 57B1A4AD1043C74ACE4125E7 /* CoreDataManager.swift */; };
		8009AEC4225DEA6C00917602 /* MapController.swift in Sources */ = {isa = PBXBuildFile; fileRef = 8009AEC3225DEA6C00917602 /* MapController.swift */; };
		8009AEC6225E6E9A00917602 /* AlertUtil.swift in Sources */ = {isa = PBXBuildFile; fileRef = 8009AEC5225E6E9A00917602 /* AlertUtil.swift */; };
		8009AEC8225E70CB00917602 /* BaseViewController.swift in Sources */ = {isa = PBXBuildFile; fileRef = 8009AEC7225E70CB00917602 /* BaseViewController.swift */; };
		800BBAA922480AB900110A0C /* ProfileController.swift in Sources */ = {isa = PBXBuildFile; fileRef = 800BBAA822480AB900110A0C /* ProfileController.swift */; };
		800BBAAC22480C4600110A0C /* UIView+Layout.swift in Sources */ = {isa = PBXBuildFile; fileRef = 800BBAAB22480C4600110A0C /* UIView+Layout.swift */; };
		800BBAAE2248122300110A0C /* UIButton+Layout.swift in Sources */ = {isa = PBXBuildFile; fileRef = 800BBAAD2248122300110A0C /* UIButton+Layout.swift */; };
		800E3F6D224AB3820030A61A /* MapKit.framework in Frameworks */ = {isa = PBXBuildFile; fileRef = 800E3F6C224AB3820030A61A /* MapKit.framework */; };
		801030402261D9980079ABBB /* AboutUsController.swift in Sources */ = {isa = PBXBuildFile; fileRef = 8010303F2261D9980079ABBB /* AboutUsController.swift */; };
		801030432262056E0079ABBB /* CloseHeaderView.swift in Sources */ = {isa = PBXBuildFile; fileRef = 801030422262056E0079ABBB /* CloseHeaderView.swift */; };
		8010304522620FC50079ABBB /* SocialMediaController.swift in Sources */ = {isa = PBXBuildFile; fileRef = 8010304422620FC50079ABBB /* SocialMediaController.swift */; };
		80103047226214F40079ABBB /* SocialMediaCell.swift in Sources */ = {isa = PBXBuildFile; fileRef = 80103046226214F40079ABBB /* SocialMediaCell.swift */; };
		80103049226215AA0079ABBB /* ProfileBaseViewController.swift in Sources */ = {isa = PBXBuildFile; fileRef = 80103048226215AA0079ABBB /* ProfileBaseViewController.swift */; };
		8010304B226226A70079ABBB /* SocialMediaModel.swift in Sources */ = {isa = PBXBuildFile; fileRef = 8010304A226226A70079ABBB /* SocialMediaModel.swift */; };
		8010304D2262474D0079ABBB /* OrdersController.swift in Sources */ = {isa = PBXBuildFile; fileRef = 8010304C2262474D0079ABBB /* OrdersController.swift */; };
		8010304F22624B7E0079ABBB /* OrderCell.swift in Sources */ = {isa = PBXBuildFile; fileRef = 8010304E22624B7E0079ABBB /* OrderCell.swift */; };
		802973BF224F57E900A362D6 /* AllStoresController.swift in Sources */ = {isa = PBXBuildFile; fileRef = 802973BE224F57E900A362D6 /* AllStoresController.swift */; };
		808533B62255263D005BF967 /* AllStoresCell.swift in Sources */ = {isa = PBXBuildFile; fileRef = 808533B52255263D005BF967 /* AllStoresCell.swift */; };
		8089786C224A6724003DEF2B /* UIDevice+Name.swift in Sources */ = {isa = PBXBuildFile; fileRef = 8089786B224A6724003DEF2B /* UIDevice+Name.swift */; };
		80A795882249090B00EF856A /* UISeperator.swift in Sources */ = {isa = PBXBuildFile; fileRef = 80A795872249090B00EF856A /* UISeperator.swift */; };
		80AB976D22567561002507B9 /* UILabel.swift in Sources */ = {isa = PBXBuildFile; fileRef = 80AB976C22567561002507B9 /* UILabel.swift */; };
		80AB976F22567C80002507B9 /* VerticalStackView.swift in Sources */ = {isa = PBXBuildFile; fileRef = 80AB976E22567C80002507B9 /* VerticalStackView.swift */; };
		80B002712247E9BA00E92DDB /* AppDelegate.swift in Sources */ = {isa = PBXBuildFile; fileRef = 80B002702247E9BA00E92DDB /* AppDelegate.swift */; };
		80B002732247E9BA00E92DDB /* ViewController.swift in Sources */ = {isa = PBXBuildFile; fileRef = 80B002722247E9BA00E92DDB /* ViewController.swift */; };
		80B002762247E9BA00E92DDB /* Main.storyboard in Resources */ = {isa = PBXBuildFile; fileRef = 80B002742247E9BA00E92DDB /* Main.storyboard */; };
		80B002792247E9BA00E92DDB /* bryng.xcdatamodeld in Sources */ = {isa = PBXBuildFile; fileRef = 80B002772247E9BA00E92DDB /* bryng.xcdatamodeld */; };
		80B0027B2247E9BC00E92DDB /* Assets.xcassets in Resources */ = {isa = PBXBuildFile; fileRef = 80B0027A2247E9BC00E92DDB /* Assets.xcassets */; };
		80B0027E2247E9BC00E92DDB /* LaunchScreen.storyboard in Resources */ = {isa = PBXBuildFile; fileRef = 80B0027C2247E9BC00E92DDB /* LaunchScreen.storyboard */; };
		80B002862247E9D800E92DDB /* BaseTabBarController.swift in Sources */ = {isa = PBXBuildFile; fileRef = 80B002852247E9D800E92DDB /* BaseTabBarController.swift */; };
		80BE668F225FC5F900438784 /* CartController.swift in Sources */ = {isa = PBXBuildFile; fileRef = 80BE668E225FC5F900438784 /* CartController.swift */; };
		80C62976225CF02B00B943E1 /* StoreItemRowCell.swift in Sources */ = {isa = PBXBuildFile; fileRef = 80C62975225CF02B00B943E1 /* StoreItemRowCell.swift */; };
		80C62978225CF2D200B943E1 /* HorizontalSnappingController.swift in Sources */ = {isa = PBXBuildFile; fileRef = 80C62977225CF2D200B943E1 /* HorizontalSnappingController.swift */; };
		80C6297A225CF9BF00B943E1 /* SnappingLayout.swift in Sources */ = {isa = PBXBuildFile; fileRef = 80C62979225CF9BF00B943E1 /* SnappingLayout.swift */; };
		80C6297C225D22AD00B943E1 /* BadgeButton.swift in Sources */ = {isa = PBXBuildFile; fileRef = 80C6297B225D22AD00B943E1 /* BadgeButton.swift */; };
		80C6EC8E224BFF55008E6EA9 /* GroceryShop.swift in Sources */ = {isa = PBXBuildFile; fileRef = 80C6EC8D224BFF55008E6EA9 /* GroceryShop.swift */; };
		80CE1B282258EBC900B20351 /* StoreController.swift in Sources */ = {isa = PBXBuildFile; fileRef = 80CE1B272258EBC900B20351 /* StoreController.swift */; };
		80CE1B2A2258ED2000B20351 /* StoreHeaderView.swift in Sources */ = {isa = PBXBuildFile; fileRef = 80CE1B292258ED2000B20351 /* StoreHeaderView.swift */; };
		80CE1B2C2258F07300B20351 /* StoreHeaderLayout.swift in Sources */ = {isa = PBXBuildFile; fileRef = 80CE1B2B2258F07300B20351 /* StoreHeaderLayout.swift */; };
		80DE5EBD225CEC5400A4C175 /* StoreItemsGroupCell.swift in Sources */ = {isa = PBXBuildFile; fileRef = 80DE5EBC225CEC5400A4C175 /* StoreItemsGroupCell.swift */; };
		80DE5EBF225CED5400A4C175 /* StoreItemsHorizontalController.swift in Sources */ = {isa = PBXBuildFile; fileRef = 80DE5EBE225CED5400A4C175 /* StoreItemsHorizontalController.swift */; };
/* End PBXBuildFile section */

/* Begin PBXFileReference section */
		57B1A4AD1043C74ACE4125E7 /* CoreDataManager.swift */ = {isa = PBXFileReference; fileEncoding = 4; lastKnownFileType = sourcecode.swift; path = CoreDataManager.swift; sourceTree = "<group>"; };
		57B1A95FE01EEB6A25907BAE /* CartCell.swift */ = {isa = PBXFileReference; fileEncoding = 4; lastKnownFileType = sourcecode.swift; path = CartCell.swift; sourceTree = "<group>"; };
		8009AEC3225DEA6C00917602 /* MapController.swift */ = {isa = PBXFileReference; lastKnownFileType = sourcecode.swift; path = MapController.swift; sourceTree = "<group>"; };
		8009AEC5225E6E9A00917602 /* AlertUtil.swift */ = {isa = PBXFileReference; lastKnownFileType = sourcecode.swift; path = AlertUtil.swift; sourceTree = "<group>"; };
		8009AEC7225E70CB00917602 /* BaseViewController.swift */ = {isa = PBXFileReference; lastKnownFileType = sourcecode.swift; path = BaseViewController.swift; sourceTree = "<group>"; };
		800BBAA822480AB900110A0C /* ProfileController.swift */ = {isa = PBXFileReference; lastKnownFileType = sourcecode.swift; path = ProfileController.swift; sourceTree = "<group>"; };
		800BBAAB22480C4600110A0C /* UIView+Layout.swift */ = {isa = PBXFileReference; fileEncoding = 4; lastKnownFileType = sourcecode.swift; path = "UIView+Layout.swift"; sourceTree = "<group>"; };
		800BBAAD2248122300110A0C /* UIButton+Layout.swift */ = {isa = PBXFileReference; lastKnownFileType = sourcecode.swift; path = "UIButton+Layout.swift"; sourceTree = "<group>"; };
		800E3F6C224AB3820030A61A /* MapKit.framework */ = {isa = PBXFileReference; lastKnownFileType = wrapper.framework; name = MapKit.framework; path = System/Library/Frameworks/MapKit.framework; sourceTree = SDKROOT; };
		800E3F70224AB9B60030A61A /* berlin.gpx */ = {isa = PBXFileReference; lastKnownFileType = text.xml; path = berlin.gpx; sourceTree = "<group>"; };
		8010303F2261D9980079ABBB /* AboutUsController.swift */ = {isa = PBXFileReference; lastKnownFileType = sourcecode.swift; path = AboutUsController.swift; sourceTree = "<group>"; };
		801030422262056E0079ABBB /* CloseHeaderView.swift */ = {isa = PBXFileReference; lastKnownFileType = sourcecode.swift; path = CloseHeaderView.swift; sourceTree = "<group>"; };
		8010304422620FC50079ABBB /* SocialMediaController.swift */ = {isa = PBXFileReference; lastKnownFileType = sourcecode.swift; path = SocialMediaController.swift; sourceTree = "<group>"; };
		80103046226214F40079ABBB /* SocialMediaCell.swift */ = {isa = PBXFileReference; lastKnownFileType = sourcecode.swift; path = SocialMediaCell.swift; sourceTree = "<group>"; };
		80103048226215AA0079ABBB /* ProfileBaseViewController.swift */ = {isa = PBXFileReference; lastKnownFileType = sourcecode.swift; path = ProfileBaseViewController.swift; sourceTree = "<group>"; };
		8010304A226226A70079ABBB /* SocialMediaModel.swift */ = {isa = PBXFileReference; lastKnownFileType = sourcecode.swift; path = SocialMediaModel.swift; sourceTree = "<group>"; };
		8010304C2262474D0079ABBB /* OrdersController.swift */ = {isa = PBXFileReference; lastKnownFileType = sourcecode.swift; path = OrdersController.swift; sourceTree = "<group>"; };
		8010304E22624B7E0079ABBB /* OrderCell.swift */ = {isa = PBXFileReference; lastKnownFileType = sourcecode.swift; path = OrderCell.swift; sourceTree = "<group>"; };
		802973BE224F57E900A362D6 /* AllStoresController.swift */ = {isa = PBXFileReference; lastKnownFileType = sourcecode.swift; path = AllStoresController.swift; sourceTree = "<group>"; };
		808533B52255263D005BF967 /* AllStoresCell.swift */ = {isa = PBXFileReference; lastKnownFileType = sourcecode.swift; path = AllStoresCell.swift; sourceTree = "<group>"; };
		8089786B224A6724003DEF2B /* UIDevice+Name.swift */ = {isa = PBXFileReference; lastKnownFileType = sourcecode.swift; path = "UIDevice+Name.swift"; sourceTree = "<group>"; };
		80A795872249090B00EF856A /* UISeperator.swift */ = {isa = PBXFileReference; lastKnownFileType = sourcecode.swift; path = UISeperator.swift; sourceTree = "<group>"; };
		80AB976C22567561002507B9 /* UILabel.swift */ = {isa = PBXFileReference; lastKnownFileType = sourcecode.swift; path = UILabel.swift; sourceTree = "<group>"; };
		80AB976E22567C80002507B9 /* VerticalStackView.swift */ = {isa = PBXFileReference; lastKnownFileType = sourcecode.swift; path = VerticalStackView.swift; sourceTree = "<group>"; };
		80B0026D2247E9BA00E92DDB /* bryng.app */ = {isa = PBXFileReference; explicitFileType = wrapper.application; includeInIndex = 0; path = bryng.app; sourceTree = BUILT_PRODUCTS_DIR; };
		80B002702247E9BA00E92DDB /* AppDelegate.swift */ = {isa = PBXFileReference; lastKnownFileType = sourcecode.swift; path = AppDelegate.swift; sourceTree = "<group>"; };
		80B002722247E9BA00E92DDB /* ViewController.swift */ = {isa = PBXFileReference; lastKnownFileType = sourcecode.swift; path = ViewController.swift; sourceTree = "<group>"; };
		80B002752247E9BA00E92DDB /* Base */ = {isa = PBXFileReference; lastKnownFileType = file.storyboard; name = Base; path = Base.lproj/Main.storyboard; sourceTree = "<group>"; };
		80B002782247E9BA00E92DDB /* bryng.xcdatamodel */ = {isa = PBXFileReference; lastKnownFileType = wrapper.xcdatamodel; path = bryng.xcdatamodel; sourceTree = "<group>"; };
		80B0027A2247E9BC00E92DDB /* Assets.xcassets */ = {isa = PBXFileReference; lastKnownFileType = folder.assetcatalog; path = Assets.xcassets; sourceTree = "<group>"; };
		80B0027D2247E9BC00E92DDB /* Base */ = {isa = PBXFileReference; lastKnownFileType = file.storyboard; name = Base; path = Base.lproj/LaunchScreen.storyboard; sourceTree = "<group>"; };
		80B0027F2247E9BC00E92DDB /* Info.plist */ = {isa = PBXFileReference; lastKnownFileType = text.plist.xml; path = Info.plist; sourceTree = "<group>"; };
		80B002852247E9D800E92DDB /* BaseTabBarController.swift */ = {isa = PBXFileReference; lastKnownFileType = sourcecode.swift; path = BaseTabBarController.swift; sourceTree = "<group>"; };
		80BE668E225FC5F900438784 /* CartController.swift */ = {isa = PBXFileReference; lastKnownFileType = sourcecode.swift; path = CartController.swift; sourceTree = "<group>"; };
		80C62975225CF02B00B943E1 /* StoreItemRowCell.swift */ = {isa = PBXFileReference; lastKnownFileType = sourcecode.swift; path = StoreItemRowCell.swift; sourceTree = "<group>"; };
		80C62977225CF2D200B943E1 /* HorizontalSnappingController.swift */ = {isa = PBXFileReference; lastKnownFileType = sourcecode.swift; path = HorizontalSnappingController.swift; sourceTree = "<group>"; };
		80C62979225CF9BF00B943E1 /* SnappingLayout.swift */ = {isa = PBXFileReference; lastKnownFileType = sourcecode.swift; path = SnappingLayout.swift; sourceTree = "<group>"; };
		80C6297B225D22AD00B943E1 /* BadgeButton.swift */ = {isa = PBXFileReference; lastKnownFileType = sourcecode.swift; path = BadgeButton.swift; sourceTree = "<group>"; };
		80C6EC8D224BFF55008E6EA9 /* GroceryShop.swift */ = {isa = PBXFileReference; lastKnownFileType = sourcecode.swift; path = GroceryShop.swift; sourceTree = "<group>"; };
		80CE1B272258EBC900B20351 /* StoreController.swift */ = {isa = PBXFileReference; lastKnownFileType = sourcecode.swift; path = StoreController.swift; sourceTree = "<group>"; };
		80CE1B292258ED2000B20351 /* StoreHeaderView.swift */ = {isa = PBXFileReference; lastKnownFileType = sourcecode.swift; path = StoreHeaderView.swift; sourceTree = "<group>"; };
		80CE1B2B2258F07300B20351 /* StoreHeaderLayout.swift */ = {isa = PBXFileReference; lastKnownFileType = sourcecode.swift; path = StoreHeaderLayout.swift; sourceTree = "<group>"; };
		80DE5EBC225CEC5400A4C175 /* StoreItemsGroupCell.swift */ = {isa = PBXFileReference; lastKnownFileType = sourcecode.swift; path = StoreItemsGroupCell.swift; sourceTree = "<group>"; };
		80DE5EBE225CED5400A4C175 /* StoreItemsHorizontalController.swift */ = {isa = PBXFileReference; lastKnownFileType = sourcecode.swift; path = StoreItemsHorizontalController.swift; sourceTree = "<group>"; };
/* End PBXFileReference section */

/* Begin PBXFrameworksBuildPhase section */
		80B0026A2247E9BA00E92DDB /* Frameworks */ = {
			isa = PBXFrameworksBuildPhase;
			buildActionMask = 2147483647;
			files = (
				800E3F6D224AB3820030A61A /* MapKit.framework in Frameworks */,
			);
			runOnlyForDeploymentPostprocessing = 0;
		};
/* End PBXFrameworksBuildPhase section */

/* Begin PBXGroup section */
		57B1A215BDE9563468B76767 /* CoreData */ = {
			isa = PBXGroup;
			children = (
				57B1A4AD1043C74ACE4125E7 /* CoreDataManager.swift */,
			);
			path = CoreData;
			sourceTree = "<group>";
		};
		800BBAA722480A8D00110A0C /* Controller */ = {
			isa = PBXGroup;
			children = (
				8010303E2261D98A0079ABBB /* Profile */,
				80DE5EBA225CEBB300A4C175 /* Store */,
				802973BE224F57E900A362D6 /* AllStoresController.swift */,
				80B002852247E9D800E92DDB /* BaseTabBarController.swift */,
				80C62977225CF2D200B943E1 /* HorizontalSnappingController.swift */,
				8009AEC3225DEA6C00917602 /* MapController.swift */,
				8009AEC7225E70CB00917602 /* BaseViewController.swift */,
			);
			path = Controller;
			sourceTree = "<group>";
		};
		800BBAAA22480C1B00110A0C /* Extensions */ = {
			isa = PBXGroup;
			children = (
				800BBAAB22480C4600110A0C /* UIView+Layout.swift */,
				800BBAAD2248122300110A0C /* UIButton+Layout.swift */,
				80A795872249090B00EF856A /* UISeperator.swift */,
				8089786B224A6724003DEF2B /* UIDevice+Name.swift */,
				80AB976C22567561002507B9 /* UILabel.swift */,
			);
			path = Extensions;
			sourceTree = "<group>";
		};
		800E3F6B224AB3820030A61A /* Frameworks */ = {
			isa = PBXGroup;
			children = (
				800E3F6C224AB3820030A61A /* MapKit.framework */,
			);
			name = Frameworks;
			sourceTree = "<group>";
		};
		8010303E2261D98A0079ABBB /* Profile */ = {
			isa = PBXGroup;
			children = (
				800BBAA822480AB900110A0C /* ProfileController.swift */,
				8010303F2261D9980079ABBB /* AboutUsController.swift */,
				8010304422620FC50079ABBB /* SocialMediaController.swift */,
				80103048226215AA0079ABBB /* ProfileBaseViewController.swift */,
				8010304C2262474D0079ABBB /* OrdersController.swift */,
			);
			path = Profile;
			sourceTree = "<group>";
		};
		80103041226205520079ABBB /* Profile */ = {
			isa = PBXGroup;
			children = (
				801030422262056E0079ABBB /* CloseHeaderView.swift */,
				80103046226214F40079ABBB /* SocialMediaCell.swift */,
				8010304E22624B7E0079ABBB /* OrderCell.swift */,
			);
			path = Profile;
			sourceTree = "<group>";
		};
		808533B422552626005BF967 /* Views */ = {
			isa = PBXGroup;
			children = (
				80103041226205520079ABBB /* Profile */,
				80DE5EBB225CEC4400A4C175 /* Store */,
				808533B52255263D005BF967 /* AllStoresCell.swift */,
			);
			path = Views;
			sourceTree = "<group>";
		};
		80AB977022567C87002507B9 /* Util */ = {
			isa = PBXGroup;
			children = (
				80AB976E22567C80002507B9 /* VerticalStackView.swift */,
				80CE1B2B2258F07300B20351 /* StoreHeaderLayout.swift */,
				80C62979225CF9BF00B943E1 /* SnappingLayout.swift */,
				80C6297B225D22AD00B943E1 /* BadgeButton.swift */,
				8009AEC5225E6E9A00917602 /* AlertUtil.swift */,
			);
			path = Util;
			sourceTree = "<group>";
		};
		80B002642247E9BA00E92DDB = {
			isa = PBXGroup;
			children = (
				800E3F70224AB9B60030A61A /* berlin.gpx */,
				80B0026F2247E9BA00E92DDB /* bryng */,
				80B0026E2247E9BA00E92DDB /* Products */,
				800E3F6B224AB3820030A61A /* Frameworks */,
			);
			sourceTree = "<group>";
		};
		80B0026E2247E9BA00E92DDB /* Products */ = {
			isa = PBXGroup;
			children = (
				80B0026D2247E9BA00E92DDB /* bryng.app */,
			);
			name = Products;
			sourceTree = "<group>";
		};
		80B0026F2247E9BA00E92DDB /* bryng */ = {
			isa = PBXGroup;
			children = (
				80AB977022567C87002507B9 /* Util */,
				808533B422552626005BF967 /* Views */,
				80C6EC8C224BFF40008E6EA9 /* Model */,
				800BBAAA22480C1B00110A0C /* Extensions */,
				800BBAA722480A8D00110A0C /* Controller */,
				80B002702247E9BA00E92DDB /* AppDelegate.swift */,
				80B002722247E9BA00E92DDB /* ViewController.swift */,
				80B002742247E9BA00E92DDB /* Main.storyboard */,
				80B0027A2247E9BC00E92DDB /* Assets.xcassets */,
				80B0027C2247E9BC00E92DDB /* LaunchScreen.storyboard */,
				80B0027F2247E9BC00E92DDB /* Info.plist */,
				80B002772247E9BA00E92DDB /* bryng.xcdatamodeld */,
				57B1A215BDE9563468B76767 /* CoreData */,
			);
			path = bryng;
			sourceTree = "<group>";
		};
		80BE6690225FC81600438784 /* Cart */ = {
			isa = PBXGroup;
			children = (
				57B1A95FE01EEB6A25907BAE /* CartCell.swift */,
			);
			path = Cart;
			sourceTree = "<group>";
		};
		80C6EC8C224BFF40008E6EA9 /* Model */ = {
			isa = PBXGroup;
			children = (
				80C6EC8D224BFF55008E6EA9 /* GroceryShop.swift */,
				8010304A226226A70079ABBB /* SocialMediaModel.swift */,
			);
			path = Model;
			sourceTree = "<group>";
		};
		80DE5EBA225CEBB300A4C175 /* Store */ = {
			isa = PBXGroup;
			children = (
				80CE1B272258EBC900B20351 /* StoreController.swift */,
				80DE5EBE225CED5400A4C175 /* StoreItemsHorizontalController.swift */,
				80BE668E225FC5F900438784 /* CartController.swift */,
			);
			path = Store;
			sourceTree = "<group>";
		};
		80DE5EBB225CEC4400A4C175 /* Store */ = {
			isa = PBXGroup;
			children = (
				80BE6690225FC81600438784 /* Cart */,
				80DE5EBC225CEC5400A4C175 /* StoreItemsGroupCell.swift */,
				80C62975225CF02B00B943E1 /* StoreItemRowCell.swift */,
				80CE1B292258ED2000B20351 /* StoreHeaderView.swift */,
			);
			path = Store;
			sourceTree = "<group>";
		};
/* End PBXGroup section */

/* Begin PBXNativeTarget section */
		80B0026C2247E9BA00E92DDB /* bryng */ = {
			isa = PBXNativeTarget;
			buildConfigurationList = 80B002822247E9BC00E92DDB /* Build configuration list for PBXNativeTarget "bryng" */;
			buildPhases = (
				80B002692247E9BA00E92DDB /* Sources */,
				80B0026A2247E9BA00E92DDB /* Frameworks */,
				80B0026B2247E9BA00E92DDB /* Resources */,
			);
			buildRules = (
			);
			dependencies = (
			);
			name = bryng;
			productName = bryng;
			productReference = 80B0026D2247E9BA00E92DDB /* bryng.app */;
			productType = "com.apple.product-type.application";
		};
/* End PBXNativeTarget section */

/* Begin PBXProject section */
		80B002652247E9BA00E92DDB /* Project object */ = {
			isa = PBXProject;
			attributes = {
				LastSwiftUpdateCheck = 1010;
				LastUpgradeCheck = 1010;
				ORGANIZATIONNAME = bryng;
				TargetAttributes = {
					80B0026C2247E9BA00E92DDB = {
						CreatedOnToolsVersion = 10.1;
						LastSwiftMigration = 1020;
						SystemCapabilities = {
							com.apple.Maps.iOS = {
								enabled = 1;
							};
						};
					};
				};
			};
			buildConfigurationList = 80B002682247E9BA00E92DDB /* Build configuration list for PBXProject "bryng" */;
			compatibilityVersion = "Xcode 9.3";
			developmentRegion = en;
			hasScannedForEncodings = 0;
			knownRegions = (
				en,
				Base,
			);
			mainGroup = 80B002642247E9BA00E92DDB;
			productRefGroup = 80B0026E2247E9BA00E92DDB /* Products */;
			projectDirPath = "";
			projectRoot = "";
			targets = (
				80B0026C2247E9BA00E92DDB /* bryng */,
			);
		};
/* End PBXProject section */

/* Begin PBXResourcesBuildPhase section */
		80B0026B2247E9BA00E92DDB /* Resources */ = {
			isa = PBXResourcesBuildPhase;
			buildActionMask = 2147483647;
			files = (
				80B0027E2247E9BC00E92DDB /* LaunchScreen.storyboard in Resources */,
				80B0027B2247E9BC00E92DDB /* Assets.xcassets in Resources */,
				80B002762247E9BA00E92DDB /* Main.storyboard in Resources */,
			);
			runOnlyForDeploymentPostprocessing = 0;
		};
/* End PBXResourcesBuildPhase section */

/* Begin PBXSourcesBuildPhase section */
		80B002692247E9BA00E92DDB /* Sources */ = {
			isa = PBXSourcesBuildPhase;
			buildActionMask = 2147483647;
			files = (
				8010304D2262474D0079ABBB /* OrdersController.swift in Sources */,
				800BBAA922480AB900110A0C /* ProfileController.swift in Sources */,
				80103049226215AA0079ABBB /* ProfileBaseViewController.swift in Sources */,
				80CE1B282258EBC900B20351 /* StoreController.swift in Sources */,
				80AB976F22567C80002507B9 /* VerticalStackView.swift in Sources */,
				80103047226214F40079ABBB /* SocialMediaCell.swift in Sources */,
				80DE5EBD225CEC5400A4C175 /* StoreItemsGroupCell.swift in Sources */,
				8009AEC8225E70CB00917602 /* BaseViewController.swift in Sources */,
				80B002862247E9D800E92DDB /* BaseTabBarController.swift in Sources */,
				8089786C224A6724003DEF2B /* UIDevice+Name.swift in Sources */,
				80AB976D22567561002507B9 /* UILabel.swift in Sources */,
				80CE1B2C2258F07300B20351 /* StoreHeaderLayout.swift in Sources */,
				8010304B226226A70079ABBB /* SocialMediaModel.swift in Sources */,
				80BE668F225FC5F900438784 /* CartController.swift in Sources */,
				801030432262056E0079ABBB /* CloseHeaderView.swift in Sources */,
				80A795882249090B00EF856A /* UISeperator.swift in Sources */,
				808533B62255263D005BF967 /* AllStoresCell.swift in Sources */,
				801030402261D9980079ABBB /* AboutUsController.swift in Sources */,
				80C6297C225D22AD00B943E1 /* BadgeButton.swift in Sources */,
				800BBAAC22480C4600110A0C /* UIView+Layout.swift in Sources */,
				8010304F22624B7E0079ABBB /* OrderCell.swift in Sources */,
				80C6297A225CF9BF00B943E1 /* SnappingLayout.swift in Sources */,
				80B002792247E9BA00E92DDB /* bryng.xcdatamodeld in Sources */,
				8009AEC6225E6E9A00917602 /* AlertUtil.swift in Sources */,
				80B002732247E9BA00E92DDB /* ViewController.swift in Sources */,
				80C6EC8E224BFF55008E6EA9 /* GroceryShop.swift in Sources */,
				8010304522620FC50079ABBB /* SocialMediaController.swift in Sources */,
				80DE5EBF225CED5400A4C175 /* StoreItemsHorizontalController.swift in Sources */,
				80CE1B2A2258ED2000B20351 /* StoreHeaderView.swift in Sources */,
				80C62976225CF02B00B943E1 /* StoreItemRowCell.swift in Sources */,
				800BBAAE2248122300110A0C /* UIButton+Layout.swift in Sources */,
				80C62978225CF2D200B943E1 /* HorizontalSnappingController.swift in Sources */,
				802973BF224F57E900A362D6 /* AllStoresController.swift in Sources */,
				8009AEC4225DEA6C00917602 /* MapController.swift in Sources */,
				80B002712247E9BA00E92DDB /* AppDelegate.swift in Sources */,
				57B1A0A138FFA315388C50D5 /* CartCell.swift in Sources */,
				57B1AB2B72C6D7D7AEAFADF0 /* CoreDataManager.swift in Sources */,
			);
			runOnlyForDeploymentPostprocessing = 0;
		};
/* End PBXSourcesBuildPhase section */

/* Begin PBXVariantGroup section */
		80B002742247E9BA00E92DDB /* Main.storyboard */ = {
			isa = PBXVariantGroup;
			children = (
				80B002752247E9BA00E92DDB /* Base */,
			);
			name = Main.storyboard;
			sourceTree = "<group>";
		};
		80B0027C2247E9BC00E92DDB /* LaunchScreen.storyboard */ = {
			isa = PBXVariantGroup;
			children = (
				80B0027D2247E9BC00E92DDB /* Base */,
			);
			name = LaunchScreen.storyboard;
			sourceTree = "<group>";
		};
/* End PBXVariantGroup section */

/* Begin XCBuildConfiguration section */
		80B002802247E9BC00E92DDB /* Debug */ = {
			isa = XCBuildConfiguration;
			buildSettings = {
				ALWAYS_SEARCH_USER_PATHS = NO;
				CLANG_ANALYZER_NONNULL = YES;
				CLANG_ANALYZER_NUMBER_OBJECT_CONVERSION = YES_AGGRESSIVE;
				CLANG_CXX_LANGUAGE_STANDARD = "gnu++14";
				CLANG_CXX_LIBRARY = "libc++";
				CLANG_ENABLE_MODULES = YES;
				CLANG_ENABLE_OBJC_ARC = YES;
				CLANG_ENABLE_OBJC_WEAK = YES;
				CLANG_WARN_BLOCK_CAPTURE_AUTORELEASING = YES;
				CLANG_WARN_BOOL_CONVERSION = YES;
				CLANG_WARN_COMMA = YES;
				CLANG_WARN_CONSTANT_CONVERSION = YES;
				CLANG_WARN_DEPRECATED_OBJC_IMPLEMENTATIONS = YES;
				CLANG_WARN_DIRECT_OBJC_ISA_USAGE = YES_ERROR;
				CLANG_WARN_DOCUMENTATION_COMMENTS = YES;
				CLANG_WARN_EMPTY_BODY = YES;
				CLANG_WARN_ENUM_CONVERSION = YES;
				CLANG_WARN_INFINITE_RECURSION = YES;
				CLANG_WARN_INT_CONVERSION = YES;
				CLANG_WARN_NON_LITERAL_NULL_CONVERSION = YES;
				CLANG_WARN_OBJC_IMPLICIT_RETAIN_SELF = YES;
				CLANG_WARN_OBJC_LITERAL_CONVERSION = YES;
				CLANG_WARN_OBJC_ROOT_CLASS = YES_ERROR;
				CLANG_WARN_RANGE_LOOP_ANALYSIS = YES;
				CLANG_WARN_STRICT_PROTOTYPES = YES;
				CLANG_WARN_SUSPICIOUS_MOVE = YES;
				CLANG_WARN_UNGUARDED_AVAILABILITY = YES_AGGRESSIVE;
				CLANG_WARN_UNREACHABLE_CODE = YES;
				CLANG_WARN__DUPLICATE_METHOD_MATCH = YES;
				CODE_SIGN_IDENTITY = "iPhone Developer";
				COPY_PHASE_STRIP = NO;
				DEBUG_INFORMATION_FORMAT = dwarf;
				ENABLE_STRICT_OBJC_MSGSEND = YES;
				ENABLE_TESTABILITY = YES;
				GCC_C_LANGUAGE_STANDARD = gnu11;
				GCC_DYNAMIC_NO_PIC = NO;
				GCC_NO_COMMON_BLOCKS = YES;
				GCC_OPTIMIZATION_LEVEL = 0;
				GCC_PREPROCESSOR_DEFINITIONS = (
					"DEBUG=1",
					"$(inherited)",
				);
				GCC_WARN_64_TO_32_BIT_CONVERSION = YES;
				GCC_WARN_ABOUT_RETURN_TYPE = YES_ERROR;
				GCC_WARN_UNDECLARED_SELECTOR = YES;
				GCC_WARN_UNINITIALIZED_AUTOS = YES_AGGRESSIVE;
				GCC_WARN_UNUSED_FUNCTION = YES;
				GCC_WARN_UNUSED_VARIABLE = YES;
				IPHONEOS_DEPLOYMENT_TARGET = 12.1;
				MTL_ENABLE_DEBUG_INFO = INCLUDE_SOURCE;
				MTL_FAST_MATH = YES;
				ONLY_ACTIVE_ARCH = YES;
				SDKROOT = iphoneos;
				SWIFT_ACTIVE_COMPILATION_CONDITIONS = DEBUG;
				SWIFT_OPTIMIZATION_LEVEL = "-Onone";
			};
			name = Debug;
		};
		80B002812247E9BC00E92DDB /* Release */ = {
			isa = XCBuildConfiguration;
			buildSettings = {
				ALWAYS_SEARCH_USER_PATHS = NO;
				CLANG_ANALYZER_NONNULL = YES;
				CLANG_ANALYZER_NUMBER_OBJECT_CONVERSION = YES_AGGRESSIVE;
				CLANG_CXX_LANGUAGE_STANDARD = "gnu++14";
				CLANG_CXX_LIBRARY = "libc++";
				CLANG_ENABLE_MODULES = YES;
				CLANG_ENABLE_OBJC_ARC = YES;
				CLANG_ENABLE_OBJC_WEAK = YES;
				CLANG_WARN_BLOCK_CAPTURE_AUTORELEASING = YES;
				CLANG_WARN_BOOL_CONVERSION = YES;
				CLANG_WARN_COMMA = YES;
				CLANG_WARN_CONSTANT_CONVERSION = YES;
				CLANG_WARN_DEPRECATED_OBJC_IMPLEMENTATIONS = YES;
				CLANG_WARN_DIRECT_OBJC_ISA_USAGE = YES_ERROR;
				CLANG_WARN_DOCUMENTATION_COMMENTS = YES;
				CLANG_WARN_EMPTY_BODY = YES;
				CLANG_WARN_ENUM_CONVERSION = YES;
				CLANG_WARN_INFINITE_RECURSION = YES;
				CLANG_WARN_INT_CONVERSION = YES;
				CLANG_WARN_NON_LITERAL_NULL_CONVERSION = YES;
				CLANG_WARN_OBJC_IMPLICIT_RETAIN_SELF = YES;
				CLANG_WARN_OBJC_LITERAL_CONVERSION = YES;
				CLANG_WARN_OBJC_ROOT_CLASS = YES_ERROR;
				CLANG_WARN_RANGE_LOOP_ANALYSIS = YES;
				CLANG_WARN_STRICT_PROTOTYPES = YES;
				CLANG_WARN_SUSPICIOUS_MOVE = YES;
				CLANG_WARN_UNGUARDED_AVAILABILITY = YES_AGGRESSIVE;
				CLANG_WARN_UNREACHABLE_CODE = YES;
				CLANG_WARN__DUPLICATE_METHOD_MATCH = YES;
				CODE_SIGN_IDENTITY = "iPhone Developer";
				COPY_PHASE_STRIP = NO;
				DEBUG_INFORMATION_FORMAT = "dwarf-with-dsym";
				ENABLE_NS_ASSERTIONS = NO;
				ENABLE_STRICT_OBJC_MSGSEND = YES;
				GCC_C_LANGUAGE_STANDARD = gnu11;
				GCC_NO_COMMON_BLOCKS = YES;
				GCC_WARN_64_TO_32_BIT_CONVERSION = YES;
				GCC_WARN_ABOUT_RETURN_TYPE = YES_ERROR;
				GCC_WARN_UNDECLARED_SELECTOR = YES;
				GCC_WARN_UNINITIALIZED_AUTOS = YES_AGGRESSIVE;
				GCC_WARN_UNUSED_FUNCTION = YES;
				GCC_WARN_UNUSED_VARIABLE = YES;
				IPHONEOS_DEPLOYMENT_TARGET = 12.1;
				MTL_ENABLE_DEBUG_INFO = NO;
				MTL_FAST_MATH = YES;
				SDKROOT = iphoneos;
				SWIFT_COMPILATION_MODE = wholemodule;
				SWIFT_OPTIMIZATION_LEVEL = "-O";
				VALIDATE_PRODUCT = YES;
			};
			name = Release;
		};
		80B002832247E9BC00E92DDB /* Debug */ = {
			isa = XCBuildConfiguration;
			buildSettings = {
				ASSETCATALOG_COMPILER_APPICON_NAME = AppIcon;
				CODE_SIGN_STYLE = Automatic;
				DEVELOPMENT_TEAM = 577Y5S5458;
				INFOPLIST_FILE = bryng/Info.plist;
				LD_RUNPATH_SEARCH_PATHS = (
					"$(inherited)",
					"@executable_path/Frameworks",
				);
				PRODUCT_BUNDLE_IDENTIFIER = app.bryng.bryng;
				PRODUCT_NAME = "$(TARGET_NAME)";
				SWIFT_VERSION = 5.0;
				TARGETED_DEVICE_FAMILY = "1,2";
			};
			name = Debug;
		};
		80B002842247E9BC00E92DDB /* Release */ = {
			isa = XCBuildConfiguration;
			buildSettings = {
				ASSETCATALOG_COMPILER_APPICON_NAME = AppIcon;
				CODE_SIGN_STYLE = Automatic;
				DEVELOPMENT_TEAM = 577Y5S5458;
				INFOPLIST_FILE = bryng/Info.plist;
				LD_RUNPATH_SEARCH_PATHS = (
					"$(inherited)",
					"@executable_path/Frameworks",
				);
				PRODUCT_BUNDLE_IDENTIFIER = app.bryng.bryng;
				PRODUCT_NAME = "$(TARGET_NAME)";
				SWIFT_VERSION = 5.0;
				TARGETED_DEVICE_FAMILY = "1,2";
			};
			name = Release;
		};
/* End XCBuildConfiguration section */

/* Begin XCConfigurationList section */
		80B002682247E9BA00E92DDB /* Build configuration list for PBXProject "bryng" */ = {
			isa = XCConfigurationList;
			buildConfigurations = (
				80B002802247E9BC00E92DDB /* Debug */,
				80B002812247E9BC00E92DDB /* Release */,
			);
			defaultConfigurationIsVisible = 0;
			defaultConfigurationName = Release;
		};
		80B002822247E9BC00E92DDB /* Build configuration list for PBXNativeTarget "bryng" */ = {
			isa = XCConfigurationList;
			buildConfigurations = (
				80B002832247E9BC00E92DDB /* Debug */,
				80B002842247E9BC00E92DDB /* Release */,
			);
			defaultConfigurationIsVisible = 0;
			defaultConfigurationName = Release;
		};
/* End XCConfigurationList section */

/* Begin XCVersionGroup section */
		80B002772247E9BA00E92DDB /* bryng.xcdatamodeld */ = {
			isa = XCVersionGroup;
			children = (
				80B002782247E9BA00E92DDB /* bryng.xcdatamodel */,
			);
			currentVersion = 80B002782247E9BA00E92DDB /* bryng.xcdatamodel */;
			path = bryng.xcdatamodeld;
			sourceTree = "<group>";
			versionGroupType = wrapper.xcdatamodel;
		};
/* End XCVersionGroup section */
	};
	rootObject = 80B002652247E9BA00E92DDB /* Project object */;
}
